{
  "version": 4,
  "terraform_version": "1.5.7",
  "serial": 69,
  "lineage": "82829c0c-ed9e-1cbf-9ee3-60963bc3eab6",
  "outputs": {},
  "resources": [
    {
      "module": "module.terraform-ecr",
      "mode": "managed",
      "type": "aws_ecr_repository",
      "name": "sprints-ecr",
      "provider": "provider[\"registry.terraform.io/hashicorp/aws\"]",
      "instances": [
        {
          "schema_version": 0,
          "attributes": {
            "arn": "arn:aws:ecr:us-east-1:244282014725:repository/sprints-ecr",
            "encryption_configuration": [
              {
                "encryption_type": "AES256",
                "kms_key": ""
              }
            ],
            "force_delete": null,
            "id": "sprints-ecr",
            "image_scanning_configuration": [
              {
                "scan_on_push": true
              }
            ],
            "image_tag_mutability": "MUTABLE",
            "name": "sprints-ecr",
            "registry_id": "244282014725",
            "repository_url": "244282014725.dkr.ecr.us-east-1.amazonaws.com/sprints-ecr",
            "tags": {
              "env": "dev",
              "name": "sprints-ecr"
            },
            "tags_all": {
              "env": "dev",
              "name": "sprints-ecr"
            },
            "timeouts": null
          },
          "sensitive_attributes": [],
          "private": "eyJlMmJmYjczMC1lY2FhLTExZTYtOGY4OC0zNDM2M2JjN2M0YzAiOnsiZGVsZXRlIjoxMjAwMDAwMDAwMDAwfX0="
        }
      ]
    }
  ],
  "check_results": null
}
