{
  "version": 4,
  "terraform_version": "1.5.7",
  "serial": 240,
  "lineage": "82829c0c-ed9e-1cbf-9ee3-60963bc3eab6",
  "outputs": {
    "AMI_From_Datasource": {
      "value": "ami-053b0d53c279acc90",
      "type": "string"
    },
    "ECR_URL": {
      "value": "244282014725.dkr.ecr.us-east-1.amazonaws.com/sprints-ecr",
      "type": "string"
    },
    "Public-ip-terraform-instance-2": {
      "value": "44.200.131.112",
      "type": "string"
    }
  },
  "resources": [
    {
      "module": "module.sprints-vpc-1",
      "mode": "managed",
      "type": "aws_internet_gateway",
      "name": "gw-terraform",
      "provider": "provider[\"registry.terraform.io/hashicorp/aws\"]",
      "instances": [
        {
          "schema_version": 0,
          "attributes": {
            "arn": "arn:aws:ec2:us-east-1:244282014725:internet-gateway/igw-074f9b99d159ec0c4",
            "id": "igw-074f9b99d159ec0c4",
            "owner_id": "244282014725",
            "tags": {
              "Name": "gw-terraform"
            },
            "tags_all": {
              "Name": "gw-terraform"
            },
            "timeouts": null,
            "vpc_id": "vpc-07418a80ea4414102"
          },
          "sensitive_attributes": [],
          "private": "eyJlMmJmYjczMC1lY2FhLTExZTYtOGY4OC0zNDM2M2JjN2M0YzAiOnsiY3JlYXRlIjoxMjAwMDAwMDAwMDAwLCJkZWxldGUiOjEyMDAwMDAwMDAwMDAsInVwZGF0ZSI6MTIwMDAwMDAwMDAwMH19",
          "dependencies": [
            "module.sprints-vpc-1.aws_vpc.vpc-terraform"
          ]
        }
      ]
    },
    {
      "module": "module.sprints-vpc-1",
      "mode": "managed",
      "type": "aws_route_table",
      "name": "route-terraform",
      "provider": "provider[\"registry.terraform.io/hashicorp/aws\"]",
      "instances": [
        {
          "schema_version": 0,
          "attributes": {
            "arn": "arn:aws:ec2:us-east-1:244282014725:route-table/rtb-053affd566e962040",
            "id": "rtb-053affd566e962040",
            "owner_id": "244282014725",
            "propagating_vgws": [],
            "route": [
              {
                "carrier_gateway_id": "",
                "cidr_block": "0.0.0.0/0",
                "core_network_arn": "",
                "destination_prefix_list_id": "",
                "egress_only_gateway_id": "",
                "gateway_id": "igw-074f9b99d159ec0c4",
                "ipv6_cidr_block": "",
                "local_gateway_id": "",
                "nat_gateway_id": "",
                "network_interface_id": "",
                "transit_gateway_id": "",
                "vpc_endpoint_id": "",
                "vpc_peering_connection_id": ""
              }
            ],
            "tags": {
              "Name": "route-terraform"
            },
            "tags_all": {
              "Name": "route-terraform"
            },
            "timeouts": null,
            "vpc_id": "vpc-07418a80ea4414102"
          },
          "sensitive_attributes": [],
          "private": "eyJlMmJmYjczMC1lY2FhLTExZTYtOGY4OC0zNDM2M2JjN2M0YzAiOnsiY3JlYXRlIjozMDAwMDAwMDAwMDAsImRlbGV0ZSI6MzAwMDAwMDAwMDAwLCJ1cGRhdGUiOjEyMDAwMDAwMDAwMH19",
          "dependencies": [
            "module.sprints-vpc-1.aws_internet_gateway.gw-terraform",
            "module.sprints-vpc-1.aws_vpc.vpc-terraform"
          ]
        }
      ]
    },
    {
      "module": "module.sprints-vpc-1",
      "mode": "managed",
      "type": "aws_route_table",
      "name": "route-terraform-private",
      "provider": "provider[\"registry.terraform.io/hashicorp/aws\"]",
      "instances": [
        {
          "schema_version": 0,
          "attributes": {
            "arn": "arn:aws:ec2:us-east-1:244282014725:route-table/rtb-03f9cd76c1916191d",
            "id": "rtb-03f9cd76c1916191d",
            "owner_id": "244282014725",
            "propagating_vgws": [],
            "route": [],
            "tags": {
              "Name": "private-route-table"
            },
            "tags_all": {
              "Name": "private-route-table"
            },
            "timeouts": null,
            "vpc_id": "vpc-07418a80ea4414102"
          },
          "sensitive_attributes": [],
          "private": "eyJlMmJmYjczMC1lY2FhLTExZTYtOGY4OC0zNDM2M2JjN2M0YzAiOnsiY3JlYXRlIjozMDAwMDAwMDAwMDAsImRlbGV0ZSI6MzAwMDAwMDAwMDAwLCJ1cGRhdGUiOjEyMDAwMDAwMDAwMH19",
          "dependencies": [
            "module.sprints-vpc-1.aws_vpc.vpc-terraform"
          ]
        }
      ]
    },
    {
      "module": "module.sprints-vpc-1",
      "mode": "managed",
      "type": "aws_route_table_association",
      "name": "private_subnet_association",
      "provider": "provider[\"registry.terraform.io/hashicorp/aws\"]",
      "instances": [
        {
          "schema_version": 0,
          "attributes": {
            "gateway_id": "",
            "id": "rtbassoc-085bb17c216686e02",
            "route_table_id": "rtb-03f9cd76c1916191d",
            "subnet_id": "subnet-0aa33c55bdfe3467b",
            "timeouts": null
          },
          "sensitive_attributes": [],
          "private": "eyJlMmJmYjczMC1lY2FhLTExZTYtOGY4OC0zNDM2M2JjN2M0YzAiOnsiY3JlYXRlIjozMDAwMDAwMDAwMDAsImRlbGV0ZSI6MzAwMDAwMDAwMDAwLCJ1cGRhdGUiOjEyMDAwMDAwMDAwMH19",
          "dependencies": [
            "module.sprints-vpc-1.aws_route_table.route-terraform-private",
            "module.sprints-vpc-1.aws_subnet.subnet-terraform",
            "module.sprints-vpc-1.aws_vpc.vpc-terraform"
          ]
        }
      ]
    },
    {
      "module": "module.sprints-vpc-1",
      "mode": "managed",
      "type": "aws_route_table_association",
      "name": "private_subnet_association-2",
      "provider": "provider[\"registry.terraform.io/hashicorp/aws\"]",
      "instances": [
        {
          "schema_version": 0,
          "attributes": {
            "gateway_id": "",
            "id": "rtbassoc-01f231046cba989a4",
            "route_table_id": "rtb-03f9cd76c1916191d",
            "subnet_id": "subnet-05c60c78187bb6546",
            "timeouts": null
          },
          "sensitive_attributes": [],
          "private": "eyJlMmJmYjczMC1lY2FhLTExZTYtOGY4OC0zNDM2M2JjN2M0YzAiOnsiY3JlYXRlIjozMDAwMDAwMDAwMDAsImRlbGV0ZSI6MzAwMDAwMDAwMDAwLCJ1cGRhdGUiOjEyMDAwMDAwMDAwMH19",
          "dependencies": [
            "module.sprints-vpc-1.aws_route_table.route-terraform-private",
            "module.sprints-vpc-1.aws_subnet.subnet-terraform",
            "module.sprints-vpc-1.aws_vpc.vpc-terraform"
          ]
        }
      ]
    },
    {
      "module": "module.sprints-vpc-1",
      "mode": "managed",
      "type": "aws_route_table_association",
      "name": "sub-ass-terraform",
      "provider": "provider[\"registry.terraform.io/hashicorp/aws\"]",
      "instances": [
        {
          "schema_version": 0,
          "attributes": {
            "gateway_id": "",
            "id": "rtbassoc-0b95618c8809a23ac",
            "route_table_id": "rtb-053affd566e962040",
            "subnet_id": "subnet-020eb3163855e8931",
            "timeouts": null
          },
          "sensitive_attributes": [],
          "private": "eyJlMmJmYjczMC1lY2FhLTExZTYtOGY4OC0zNDM2M2JjN2M0YzAiOnsiY3JlYXRlIjozMDAwMDAwMDAwMDAsImRlbGV0ZSI6MzAwMDAwMDAwMDAwLCJ1cGRhdGUiOjEyMDAwMDAwMDAwMH19",
          "dependencies": [
            "module.sprints-vpc-1.aws_internet_gateway.gw-terraform",
            "module.sprints-vpc-1.aws_route_table.route-terraform",
            "module.sprints-vpc-1.aws_subnet.subnet-terraform",
            "module.sprints-vpc-1.aws_vpc.vpc-terraform"
          ]
        }
      ]
    },
    {
      "module": "module.sprints-vpc-1",
      "mode": "managed",
      "type": "aws_route_table_association",
      "name": "sub-ass-terraform-2",
      "provider": "provider[\"registry.terraform.io/hashicorp/aws\"]",
      "instances": [
        {
          "schema_version": 0,
          "attributes": {
            "gateway_id": "",
            "id": "rtbassoc-06197623e22414fa3",
            "route_table_id": "rtb-053affd566e962040",
            "subnet_id": "subnet-01420f9ba9dcf662b",
            "timeouts": null
          },
          "sensitive_attributes": [],
          "private": "eyJlMmJmYjczMC1lY2FhLTExZTYtOGY4OC0zNDM2M2JjN2M0YzAiOnsiY3JlYXRlIjozMDAwMDAwMDAwMDAsImRlbGV0ZSI6MzAwMDAwMDAwMDAwLCJ1cGRhdGUiOjEyMDAwMDAwMDAwMH19",
          "dependencies": [
            "module.sprints-vpc-1.aws_internet_gateway.gw-terraform",
            "module.sprints-vpc-1.aws_route_table.route-terraform",
            "module.sprints-vpc-1.aws_subnet.subnet-terraform",
            "module.sprints-vpc-1.aws_vpc.vpc-terraform"
          ]
        }
      ]
    },
    {
      "module": "module.sprints-vpc-1",
      "mode": "managed",
      "type": "aws_security_group",
      "name": "terraform-securityG",
      "provider": "provider[\"registry.terraform.io/hashicorp/aws\"]",
      "instances": [
        {
          "schema_version": 1,
          "attributes": {
            "arn": "arn:aws:ec2:us-east-1:244282014725:security-group/sg-019971fbf1ba7f490",
            "description": "Managed by Terraform",
            "egress": [
              {
                "cidr_blocks": [
                  "0.0.0.0/0"
                ],
                "description": "",
                "from_port": 0,
                "ipv6_cidr_blocks": [],
                "prefix_list_ids": [],
                "protocol": "-1",
                "security_groups": [],
                "self": false,
                "to_port": 0
              }
            ],
            "id": "sg-019971fbf1ba7f490",
            "ingress": [
              {
                "cidr_blocks": [
                  "0.0.0.0/0"
                ],
                "description": "Flask_app from VPC",
                "from_port": 32000,
                "ipv6_cidr_blocks": [],
                "prefix_list_ids": [],
                "protocol": "tcp",
                "security_groups": [],
                "self": false,
                "to_port": 32700
              },
              {
                "cidr_blocks": [
                  "0.0.0.0/0"
                ],
                "description": "Flask_app from VPC",
                "from_port": 5000,
                "ipv6_cidr_blocks": [],
                "prefix_list_ids": [],
                "protocol": "tcp",
                "security_groups": [],
                "self": false,
                "to_port": 5000
              },
              {
                "cidr_blocks": [
                  "0.0.0.0/0"
                ],
                "description": "Http from VPC",
                "from_port": 80,
                "ipv6_cidr_blocks": [],
                "prefix_list_ids": [],
                "protocol": "tcp",
                "security_groups": [],
                "self": false,
                "to_port": 80
              },
              {
                "cidr_blocks": [
                  "0.0.0.0/0"
                ],
                "description": "Jenkins from VPC",
                "from_port": 8080,
                "ipv6_cidr_blocks": [],
                "prefix_list_ids": [],
                "protocol": "tcp",
                "security_groups": [],
                "self": false,
                "to_port": 8080
              },
              {
                "cidr_blocks": [
                  "0.0.0.0/0"
                ],
                "description": "SSH",
                "from_port": 22,
                "ipv6_cidr_blocks": [],
                "prefix_list_ids": [],
                "protocol": "tcp",
                "security_groups": [],
                "self": false,
                "to_port": 22
              }
            ],
            "name": "terraform-securityG2023092409152194910000000c",
            "name_prefix": "terraform-securityG",
            "owner_id": "244282014725",
            "revoke_rules_on_delete": false,
            "tags": {
              "Name": "terraform-securityG"
            },
            "tags_all": {
              "Name": "terraform-securityG"
            },
            "timeouts": null,
            "vpc_id": "vpc-07418a80ea4414102"
          },
          "sensitive_attributes": [],
          "private": "eyJlMmJmYjczMC1lY2FhLTExZTYtOGY4OC0zNDM2M2JjN2M0YzAiOnsiY3JlYXRlIjo2MDAwMDAwMDAwMDAsImRlbGV0ZSI6OTAwMDAwMDAwMDAwfSwic2NoZW1hX3ZlcnNpb24iOiIxIn0=",
          "dependencies": [
            "module.sprints-vpc-1.aws_vpc.vpc-terraform"
          ]
        }
      ]
    },
    {
      "module": "module.sprints-vpc-1",
      "mode": "managed",
      "type": "aws_security_group",
      "name": "terraform-securityG-privateInstance",
      "provider": "provider[\"registry.terraform.io/hashicorp/aws\"]",
      "instances": [
        {
          "schema_version": 1,
          "attributes": {
            "arn": "arn:aws:ec2:us-east-1:244282014725:security-group/sg-02a472ee0171135b0",
            "description": "Managed by Terraform",
            "egress": [
              {
                "cidr_blocks": [
                  "0.0.0.0/0"
                ],
                "description": "",
                "from_port": 0,
                "ipv6_cidr_blocks": [],
                "prefix_list_ids": [],
                "protocol": "-1",
                "security_groups": [],
                "self": false,
                "to_port": 0
              }
            ],
            "id": "sg-02a472ee0171135b0",
            "ingress": [
              {
                "cidr_blocks": [
                  "10.0.0.0/16"
                ],
                "description": "",
                "from_port": 0,
                "ipv6_cidr_blocks": [],
                "prefix_list_ids": [],
                "protocol": "tcp",
                "security_groups": [],
                "self": false,
                "to_port": 65535
              }
            ],
            "name": "terraform-securityG-privateInstance2023092409152194140000000b",
            "name_prefix": "terraform-securityG-privateInstance",
            "owner_id": "244282014725",
            "revoke_rules_on_delete": false,
            "tags": {
              "Name": "terraform-securityG-privateInstance"
            },
            "tags_all": {
              "Name": "terraform-securityG-privateInstance"
            },
            "timeouts": null,
            "vpc_id": "vpc-07418a80ea4414102"
          },
          "sensitive_attributes": [],
          "private": "eyJlMmJmYjczMC1lY2FhLTExZTYtOGY4OC0zNDM2M2JjN2M0YzAiOnsiY3JlYXRlIjo2MDAwMDAwMDAwMDAsImRlbGV0ZSI6OTAwMDAwMDAwMDAwfSwic2NoZW1hX3ZlcnNpb24iOiIxIn0=",
          "dependencies": [
            "module.sprints-vpc-1.aws_vpc.vpc-terraform"
          ]
        }
      ]
    },
    {
      "module": "module.sprints-vpc-1",
      "mode": "managed",
      "type": "aws_subnet",
      "name": "subnet-terraform",
      "provider": "provider[\"registry.terraform.io/hashicorp/aws\"]",
      "instances": [
        {
          "index_key": "private-2-subnet-terraform",
          "schema_version": 1,
          "attributes": {
            "arn": "arn:aws:ec2:us-east-1:244282014725:subnet/subnet-05c60c78187bb6546",
            "assign_ipv6_address_on_creation": false,
            "availability_zone": "us-east-1d",
            "availability_zone_id": "use1-az4",
            "cidr_block": "10.0.3.0/24",
            "customer_owned_ipv4_pool": "",
            "enable_dns64": false,
            "enable_lni_at_device_index": 0,
            "enable_resource_name_dns_a_record_on_launch": false,
            "enable_resource_name_dns_aaaa_record_on_launch": false,
            "id": "subnet-05c60c78187bb6546",
            "ipv6_cidr_block": "",
            "ipv6_cidr_block_association_id": "",
            "ipv6_native": false,
            "map_customer_owned_ip_on_launch": false,
            "map_public_ip_on_launch": true,
            "outpost_arn": "",
            "owner_id": "244282014725",
            "private_dns_hostname_type_on_launch": "ip-name",
            "tags": {
              "Name": "private-2-subnet-terraform"
            },
            "tags_all": {
              "Name": "private-2-subnet-terraform"
            },
            "timeouts": null,
            "vpc_id": "vpc-07418a80ea4414102"
          },
          "sensitive_attributes": [],
          "private": "eyJlMmJmYjczMC1lY2FhLTExZTYtOGY4OC0zNDM2M2JjN2M0YzAiOnsiY3JlYXRlIjo2MDAwMDAwMDAwMDAsImRlbGV0ZSI6MTIwMDAwMDAwMDAwMH0sInNjaGVtYV92ZXJzaW9uIjoiMSJ9",
          "dependencies": [
            "module.sprints-vpc-1.aws_vpc.vpc-terraform"
          ]
        },
        {
          "index_key": "private-subnet-terraform",
          "schema_version": 1,
          "attributes": {
            "arn": "arn:aws:ec2:us-east-1:244282014725:subnet/subnet-0aa33c55bdfe3467b",
            "assign_ipv6_address_on_creation": false,
            "availability_zone": "us-east-1c",
            "availability_zone_id": "use1-az2",
            "cidr_block": "10.0.1.0/24",
            "customer_owned_ipv4_pool": "",
            "enable_dns64": false,
            "enable_lni_at_device_index": 0,
            "enable_resource_name_dns_a_record_on_launch": false,
            "enable_resource_name_dns_aaaa_record_on_launch": false,
            "id": "subnet-0aa33c55bdfe3467b",
            "ipv6_cidr_block": "",
            "ipv6_cidr_block_association_id": "",
            "ipv6_native": false,
            "map_customer_owned_ip_on_launch": false,
            "map_public_ip_on_launch": true,
            "outpost_arn": "",
            "owner_id": "244282014725",
            "private_dns_hostname_type_on_launch": "ip-name",
            "tags": {
              "Name": "private-subnet-terraform"
            },
            "tags_all": {
              "Name": "private-subnet-terraform"
            },
            "timeouts": null,
            "vpc_id": "vpc-07418a80ea4414102"
          },
          "sensitive_attributes": [],
          "private": "eyJlMmJmYjczMC1lY2FhLTExZTYtOGY4OC0zNDM2M2JjN2M0YzAiOnsiY3JlYXRlIjo2MDAwMDAwMDAwMDAsImRlbGV0ZSI6MTIwMDAwMDAwMDAwMH0sInNjaGVtYV92ZXJzaW9uIjoiMSJ9",
          "dependencies": [
            "module.sprints-vpc-1.aws_vpc.vpc-terraform"
          ]
        },
        {
          "index_key": "public-2-subnet-terraform",
          "schema_version": 1,
          "attributes": {
            "arn": "arn:aws:ec2:us-east-1:244282014725:subnet/subnet-01420f9ba9dcf662b",
            "assign_ipv6_address_on_creation": false,
            "availability_zone": "us-east-1b",
            "availability_zone_id": "use1-az1",
            "cidr_block": "10.0.2.0/24",
            "customer_owned_ipv4_pool": "",
            "enable_dns64": false,
            "enable_lni_at_device_index": 0,
            "enable_resource_name_dns_a_record_on_launch": false,
            "enable_resource_name_dns_aaaa_record_on_launch": false,
            "id": "subnet-01420f9ba9dcf662b",
            "ipv6_cidr_block": "",
            "ipv6_cidr_block_association_id": "",
            "ipv6_native": false,
            "map_customer_owned_ip_on_launch": false,
            "map_public_ip_on_launch": true,
            "outpost_arn": "",
            "owner_id": "244282014725",
            "private_dns_hostname_type_on_launch": "ip-name",
            "tags": {
              "Name": "public-2-subnet-terraform"
            },
            "tags_all": {
              "Name": "public-2-subnet-terraform"
            },
            "timeouts": null,
            "vpc_id": "vpc-07418a80ea4414102"
          },
          "sensitive_attributes": [],
          "private": "eyJlMmJmYjczMC1lY2FhLTExZTYtOGY4OC0zNDM2M2JjN2M0YzAiOnsiY3JlYXRlIjo2MDAwMDAwMDAwMDAsImRlbGV0ZSI6MTIwMDAwMDAwMDAwMH0sInNjaGVtYV92ZXJzaW9uIjoiMSJ9",
          "dependencies": [
            "module.sprints-vpc-1.aws_vpc.vpc-terraform"
          ]
        },
        {
          "index_key": "public-subnet-terraform",
          "schema_version": 1,
          "attributes": {
            "arn": "arn:aws:ec2:us-east-1:244282014725:subnet/subnet-020eb3163855e8931",
            "assign_ipv6_address_on_creation": false,
            "availability_zone": "us-east-1a",
            "availability_zone_id": "use1-az6",
            "cidr_block": "10.0.0.0/24",
            "customer_owned_ipv4_pool": "",
            "enable_dns64": false,
            "enable_lni_at_device_index": 0,
            "enable_resource_name_dns_a_record_on_launch": false,
            "enable_resource_name_dns_aaaa_record_on_launch": false,
            "id": "subnet-020eb3163855e8931",
            "ipv6_cidr_block": "",
            "ipv6_cidr_block_association_id": "",
            "ipv6_native": false,
            "map_customer_owned_ip_on_launch": false,
            "map_public_ip_on_launch": true,
            "outpost_arn": "",
            "owner_id": "244282014725",
            "private_dns_hostname_type_on_launch": "ip-name",
            "tags": {
              "Name": "public-subnet-terraform"
            },
            "tags_all": {
              "Name": "public-subnet-terraform"
            },
            "timeouts": null,
            "vpc_id": "vpc-07418a80ea4414102"
          },
          "sensitive_attributes": [],
          "private": "eyJlMmJmYjczMC1lY2FhLTExZTYtOGY4OC0zNDM2M2JjN2M0YzAiOnsiY3JlYXRlIjo2MDAwMDAwMDAwMDAsImRlbGV0ZSI6MTIwMDAwMDAwMDAwMH0sInNjaGVtYV92ZXJzaW9uIjoiMSJ9",
          "dependencies": [
            "module.sprints-vpc-1.aws_vpc.vpc-terraform"
          ]
        }
      ]
    },
    {
      "module": "module.sprints-vpc-1",
      "mode": "managed",
      "type": "aws_vpc",
      "name": "vpc-terraform",
      "provider": "provider[\"registry.terraform.io/hashicorp/aws\"]",
      "instances": [
        {
          "schema_version": 1,
          "attributes": {
            "arn": "arn:aws:ec2:us-east-1:244282014725:vpc/vpc-07418a80ea4414102",
            "assign_generated_ipv6_cidr_block": false,
            "cidr_block": "10.0.0.0/16",
            "default_network_acl_id": "acl-0203de6a464d2a619",
            "default_route_table_id": "rtb-0370759bd0e4a40c1",
            "default_security_group_id": "sg-07789b61afbc54053",
            "dhcp_options_id": "dopt-08a7803967749cf45",
            "enable_dns_hostnames": false,
            "enable_dns_support": true,
            "enable_network_address_usage_metrics": false,
            "id": "vpc-07418a80ea4414102",
            "instance_tenancy": "default",
            "ipv4_ipam_pool_id": null,
            "ipv4_netmask_length": null,
            "ipv6_association_id": "",
            "ipv6_cidr_block": "",
            "ipv6_cidr_block_network_border_group": "",
            "ipv6_ipam_pool_id": "",
            "ipv6_netmask_length": 0,
            "main_route_table_id": "rtb-0370759bd0e4a40c1",
            "owner_id": "244282014725",
            "tags": {
              "Name": "vpc-terraform"
            },
            "tags_all": {
              "Name": "vpc-terraform"
            }
          },
          "sensitive_attributes": [],
          "private": "eyJzY2hlbWFfdmVyc2lvbiI6IjEifQ=="
        }
      ]
    },
    {
      "module": "module.terraform-ecr",
      "mode": "managed",
      "type": "aws_ecr_repository",
      "name": "sprints-ecr",
      "provider": "provider[\"registry.terraform.io/hashicorp/aws\"]",
      "instances": [
        {
          "schema_version": 0,
          "attributes": {
            "arn": "arn:aws:ecr:us-east-1:244282014725:repository/sprints-ecr",
            "encryption_configuration": [
              {
                "encryption_type": "AES256",
                "kms_key": ""
              }
            ],
            "force_delete": null,
            "id": "sprints-ecr",
            "image_scanning_configuration": [
              {
                "scan_on_push": true
              }
            ],
            "image_tag_mutability": "MUTABLE",
            "name": "sprints-ecr",
            "registry_id": "244282014725",
            "repository_url": "244282014725.dkr.ecr.us-east-1.amazonaws.com/sprints-ecr",
            "tags": {
              "env": "dev",
              "name": "sprints-ecr"
            },
            "tags_all": {
              "env": "dev",
              "name": "sprints-ecr"
            },
            "timeouts": null
          },
          "sensitive_attributes": [],
          "private": "eyJlMmJmYjczMC1lY2FhLTExZTYtOGY4OC0zNDM2M2JjN2M0YzAiOnsiZGVsZXRlIjoxMjAwMDAwMDAwMDAwfX0="
        }
      ]
    },
    {
      "module": "module.terraform-instance-Provisioned",
      "mode": "data",
      "type": "aws_ami",
      "name": "latest_ubuntu",
      "provider": "provider[\"registry.terraform.io/hashicorp/aws\"]",
      "instances": [
        {
          "schema_version": 0,
          "attributes": {
            "architecture": "x86_64",
            "arn": "arn:aws:ec2:us-east-1::image/ami-053b0d53c279acc90",
            "block_device_mappings": [
              {
                "device_name": "/dev/sda1",
                "ebs": {
                  "delete_on_termination": "true",
                  "encrypted": "false",
                  "iops": "0",
                  "snapshot_id": "snap-0d3283808e9f92122",
                  "throughput": "0",
                  "volume_size": "8",
                  "volume_type": "gp2"
                },
                "no_device": "",
                "virtual_name": ""
              },
              {
                "device_name": "/dev/sdb",
                "ebs": {},
                "no_device": "",
                "virtual_name": "ephemeral0"
              },
              {
                "device_name": "/dev/sdc",
                "ebs": {},
                "no_device": "",
                "virtual_name": "ephemeral1"
              }
            ],
            "boot_mode": "legacy-bios",
            "creation_date": "2023-05-16T03:38:03.000Z",
            "deprecation_time": "2025-05-16T03:38:03.000Z",
            "description": "Canonical, Ubuntu, 22.04 LTS, amd64 jammy image build on 2023-05-16",
            "ena_support": true,
            "executable_users": null,
            "filter": [
              {
                "name": "name",
                "values": [
                  "ubuntu/images/hvm-ssd/ubuntu-jammy-22.04-amd64-server-20230516"
                ]
              }
            ],
            "hypervisor": "xen",
            "id": "ami-053b0d53c279acc90",
            "image_id": "ami-053b0d53c279acc90",
            "image_location": "amazon/ubuntu/images/hvm-ssd/ubuntu-jammy-22.04-amd64-server-20230516",
            "image_owner_alias": "amazon",
            "image_type": "machine",
            "imds_support": "",
            "include_deprecated": false,
            "kernel_id": "",
            "most_recent": true,
            "name": "ubuntu/images/hvm-ssd/ubuntu-jammy-22.04-amd64-server-20230516",
            "name_regex": null,
            "owner_id": "099720109477",
            "owners": [
              "amazon"
            ],
            "platform": "",
            "platform_details": "Linux/UNIX",
            "product_codes": [],
            "public": true,
            "ramdisk_id": "",
            "root_device_name": "/dev/sda1",
            "root_device_type": "ebs",
            "root_snapshot_id": "snap-0d3283808e9f92122",
            "sriov_net_support": "simple",
            "state": "available",
            "state_reason": {
              "code": "UNSET",
              "message": "UNSET"
            },
            "tags": {},
            "timeouts": null,
            "tpm_support": "",
            "usage_operation": "RunInstances",
            "virtualization_type": "hvm"
          },
          "sensitive_attributes": []
        }
      ]
    },
    {
      "module": "module.terraform-instance-Provisioned",
      "mode": "managed",
      "type": "aws_instance",
      "name": "terraform-instance-Provisioned",
      "provider": "provider[\"registry.terraform.io/hashicorp/aws\"]",
      "instances": [
        {
          "schema_version": 1,
          "attributes": {
            "ami": "ami-053b0d53c279acc90",
            "arn": "arn:aws:ec2:us-east-1:244282014725:instance/i-0c6f191f58546b70c",
            "associate_public_ip_address": true,
            "availability_zone": "us-east-1b",
            "capacity_reservation_specification": [
              {
                "capacity_reservation_preference": "open",
                "capacity_reservation_target": []
              }
            ],
            "cpu_core_count": 2,
            "cpu_options": [
              {
                "amd_sev_snp": "",
                "core_count": 2,
                "threads_per_core": 1
              }
            ],
            "cpu_threads_per_core": 1,
            "credit_specification": [
              {
                "cpu_credits": "standard"
              }
            ],
            "disable_api_stop": false,
            "disable_api_termination": false,
            "ebs_block_device": [],
            "ebs_optimized": false,
            "enclave_options": [
              {
                "enabled": false
              }
            ],
            "ephemeral_block_device": [],
            "get_password_data": false,
            "hibernation": false,
            "host_id": "",
            "host_resource_group_arn": null,
            "iam_instance_profile": "",
            "id": "i-0c6f191f58546b70c",
            "instance_initiated_shutdown_behavior": "stop",
            "instance_lifecycle": "",
            "instance_market_options": [],
            "instance_state": "running",
            "instance_type": "t2.medium",
            "ipv6_address_count": 0,
            "ipv6_addresses": [],
            "key_name": "Sprints-Key-pair",
            "launch_template": [],
            "maintenance_options": [
              {
                "auto_recovery": "default"
              }
            ],
            "metadata_options": [
              {
                "http_endpoint": "enabled",
                "http_protocol_ipv6": "disabled",
                "http_put_response_hop_limit": 1,
                "http_tokens": "optional",
                "instance_metadata_tags": "disabled"
              }
            ],
            "monitoring": false,
            "network_interface": [],
            "outpost_arn": "",
            "password_data": "",
            "placement_group": "",
            "placement_partition_number": 0,
            "primary_network_interface_id": "eni-07ef8392f3c6ff5d2",
            "private_dns": "ip-10-0-2-222.ec2.internal",
            "private_dns_name_options": [
              {
                "enable_resource_name_dns_a_record": false,
                "enable_resource_name_dns_aaaa_record": false,
                "hostname_type": "ip-name"
              }
            ],
            "private_ip": "10.0.2.222",
            "public_dns": "",
            "public_ip": "44.200.131.112",
            "root_block_device": [
              {
                "delete_on_termination": true,
                "device_name": "/dev/sda1",
                "encrypted": false,
                "iops": 100,
                "kms_key_id": "",
                "tags": {},
                "throughput": 0,
                "volume_id": "vol-026114214b09973ff",
                "volume_size": 8,
                "volume_type": "gp2"
              }
            ],
            "secondary_private_ips": [],
            "security_groups": [],
            "source_dest_check": true,
            "spot_instance_request_id": "",
            "subnet_id": "subnet-01420f9ba9dcf662b",
            "tags": {
              "Name": "terraform-instance-Provisioned"
            },
            "tags_all": {
              "Name": "terraform-instance-Provisioned"
            },
            "tenancy": "default",
            "timeouts": null,
            "user_data": null,
            "user_data_base64": null,
            "user_data_replace_on_change": false,
            "volume_tags": null,
            "vpc_security_group_ids": [
              "sg-019971fbf1ba7f490"
            ]
          },
          "sensitive_attributes": [],
          "private": "eyJlMmJmYjczMC1lY2FhLTExZTYtOGY4OC0zNDM2M2JjN2M0YzAiOnsiY3JlYXRlIjo2MDAwMDAwMDAwMDAsImRlbGV0ZSI6MTIwMDAwMDAwMDAwMCwidXBkYXRlIjo2MDAwMDAwMDAwMDB9LCJzY2hlbWFfdmVyc2lvbiI6IjEifQ==",
          "dependencies": [
            "module.sprints-vpc-1.aws_security_group.terraform-securityG",
            "module.sprints-vpc-1.aws_subnet.subnet-terraform",
            "module.sprints-vpc-1.aws_vpc.vpc-terraform",
            "module.terraform-instance-Provisioned.data.aws_ami.latest_ubuntu"
          ]
        }
      ]
    },
    {
      "module": "module.terraform-instance-Provisioned",
      "mode": "managed",
      "type": "null_resource",
      "name": "Terraform_provisioner",
      "provider": "provider[\"registry.terraform.io/hashicorp/null\"]",
      "instances": [
        {
          "schema_version": 0,
          "attributes": {
            "id": "8907179711149071261",
            "triggers": {
              "instance_id": "i-0c6f191f58546b70c"
            }
          },
          "sensitive_attributes": [],
          "dependencies": [
            "module.sprints-vpc-1.aws_security_group.terraform-securityG",
            "module.sprints-vpc-1.aws_subnet.subnet-terraform",
            "module.sprints-vpc-1.aws_vpc.vpc-terraform",
            "module.terraform-instance-Provisioned.aws_instance.terraform-instance-Provisioned",
            "module.terraform-instance-Provisioned.data.aws_ami.latest_ubuntu"
          ]
        }
      ]
    }
  ],
  "check_results": null
}
