{
  "version": 4,
  "terraform_version": "1.5.7",
  "serial": 152,
  "lineage": "82829c0c-ed9e-1cbf-9ee3-60963bc3eab6",
  "outputs": {
    "AMI_From_Datasource": {
      "value": "ami-053b0d53c279acc90",
      "type": "string"
    },
    "ECR_URL": {
      "value": "244282014725.dkr.ecr.us-east-1.amazonaws.com/sprints-ecr",
      "type": "string"
    },
    "Public-ip-terraform-instance-2": {
      "value": "44.199.232.61",
      "type": "string"
    }
  },
  "resources": [
    {
      "module": "module.sprints-vpc-1",
      "mode": "managed",
      "type": "aws_internet_gateway",
      "name": "gw-terraform",
      "provider": "provider[\"registry.terraform.io/hashicorp/aws\"]",
      "instances": [
        {
          "schema_version": 0,
          "attributes": {
            "arn": "arn:aws:ec2:us-east-1:244282014725:internet-gateway/igw-0d725c2f3e24be798",
            "id": "igw-0d725c2f3e24be798",
            "owner_id": "244282014725",
            "tags": {
              "Name": "gw-terraform"
            },
            "tags_all": {
              "Name": "gw-terraform"
            },
            "timeouts": null,
            "vpc_id": "vpc-0ece851273c0c3342"
          },
          "sensitive_attributes": [],
          "private": "eyJlMmJmYjczMC1lY2FhLTExZTYtOGY4OC0zNDM2M2JjN2M0YzAiOnsiY3JlYXRlIjoxMjAwMDAwMDAwMDAwLCJkZWxldGUiOjEyMDAwMDAwMDAwMDAsInVwZGF0ZSI6MTIwMDAwMDAwMDAwMH19",
          "dependencies": [
            "module.sprints-vpc-1.aws_vpc.vpc-terraform"
          ]
        }
      ]
    },
    {
      "module": "module.sprints-vpc-1",
      "mode": "managed",
      "type": "aws_route_table",
      "name": "route-terraform",
      "provider": "provider[\"registry.terraform.io/hashicorp/aws\"]",
      "instances": [
        {
          "schema_version": 0,
          "attributes": {
            "arn": "arn:aws:ec2:us-east-1:244282014725:route-table/rtb-0bdcb82111443d812",
            "id": "rtb-0bdcb82111443d812",
            "owner_id": "244282014725",
            "propagating_vgws": [],
            "route": [
              {
                "carrier_gateway_id": "",
                "cidr_block": "0.0.0.0/0",
                "core_network_arn": "",
                "destination_prefix_list_id": "",
                "egress_only_gateway_id": "",
                "gateway_id": "igw-0d725c2f3e24be798",
                "ipv6_cidr_block": "",
                "local_gateway_id": "",
                "nat_gateway_id": "",
                "network_interface_id": "",
                "transit_gateway_id": "",
                "vpc_endpoint_id": "",
                "vpc_peering_connection_id": ""
              }
            ],
            "tags": {
              "Name": "route-terraform"
            },
            "tags_all": {
              "Name": "route-terraform"
            },
            "timeouts": null,
            "vpc_id": "vpc-0ece851273c0c3342"
          },
          "sensitive_attributes": [],
          "private": "eyJlMmJmYjczMC1lY2FhLTExZTYtOGY4OC0zNDM2M2JjN2M0YzAiOnsiY3JlYXRlIjozMDAwMDAwMDAwMDAsImRlbGV0ZSI6MzAwMDAwMDAwMDAwLCJ1cGRhdGUiOjEyMDAwMDAwMDAwMH19",
          "dependencies": [
            "module.sprints-vpc-1.aws_internet_gateway.gw-terraform",
            "module.sprints-vpc-1.aws_vpc.vpc-terraform"
          ]
        }
      ]
    },
    {
      "module": "module.sprints-vpc-1",
      "mode": "managed",
      "type": "aws_route_table",
      "name": "route-terraform-private",
      "provider": "provider[\"registry.terraform.io/hashicorp/aws\"]",
      "instances": [
        {
          "schema_version": 0,
          "attributes": {
            "arn": "arn:aws:ec2:us-east-1:244282014725:route-table/rtb-00f4ee6be3cb04c89",
            "id": "rtb-00f4ee6be3cb04c89",
            "owner_id": "244282014725",
            "propagating_vgws": [],
            "route": [],
            "tags": {
              "Name": "private-route-table"
            },
            "tags_all": {
              "Name": "private-route-table"
            },
            "timeouts": null,
            "vpc_id": "vpc-0ece851273c0c3342"
          },
          "sensitive_attributes": [],
          "private": "eyJlMmJmYjczMC1lY2FhLTExZTYtOGY4OC0zNDM2M2JjN2M0YzAiOnsiY3JlYXRlIjozMDAwMDAwMDAwMDAsImRlbGV0ZSI6MzAwMDAwMDAwMDAwLCJ1cGRhdGUiOjEyMDAwMDAwMDAwMH19",
          "dependencies": [
            "module.sprints-vpc-1.aws_vpc.vpc-terraform"
          ]
        }
      ]
    },
    {
      "module": "module.sprints-vpc-1",
      "mode": "managed",
      "type": "aws_route_table_association",
      "name": "private_subnet_association",
      "provider": "provider[\"registry.terraform.io/hashicorp/aws\"]",
      "instances": [
        {
          "schema_version": 0,
          "attributes": {
            "gateway_id": "",
            "id": "rtbassoc-08df8763a31336143",
            "route_table_id": "rtb-00f4ee6be3cb04c89",
            "subnet_id": "subnet-0b70172e81a0bf6fc",
            "timeouts": null
          },
          "sensitive_attributes": [],
          "private": "eyJlMmJmYjczMC1lY2FhLTExZTYtOGY4OC0zNDM2M2JjN2M0YzAiOnsiY3JlYXRlIjozMDAwMDAwMDAwMDAsImRlbGV0ZSI6MzAwMDAwMDAwMDAwLCJ1cGRhdGUiOjEyMDAwMDAwMDAwMH19",
          "dependencies": [
            "module.sprints-vpc-1.aws_route_table.route-terraform-private",
            "module.sprints-vpc-1.aws_subnet.subnet-terraform",
            "module.sprints-vpc-1.aws_vpc.vpc-terraform"
          ]
        }
      ]
    },
    {
      "module": "module.sprints-vpc-1",
      "mode": "managed",
      "type": "aws_route_table_association",
      "name": "private_subnet_association-2",
      "provider": "provider[\"registry.terraform.io/hashicorp/aws\"]",
      "instances": [
        {
          "schema_version": 0,
          "attributes": {
            "gateway_id": "",
            "id": "rtbassoc-04875b6dca6121853",
            "route_table_id": "rtb-00f4ee6be3cb04c89",
            "subnet_id": "subnet-0eed93298584f5014",
            "timeouts": null
          },
          "sensitive_attributes": [],
          "private": "eyJlMmJmYjczMC1lY2FhLTExZTYtOGY4OC0zNDM2M2JjN2M0YzAiOnsiY3JlYXRlIjozMDAwMDAwMDAwMDAsImRlbGV0ZSI6MzAwMDAwMDAwMDAwLCJ1cGRhdGUiOjEyMDAwMDAwMDAwMH19",
          "dependencies": [
            "module.sprints-vpc-1.aws_route_table.route-terraform-private",
            "module.sprints-vpc-1.aws_subnet.subnet-terraform",
            "module.sprints-vpc-1.aws_vpc.vpc-terraform"
          ]
        }
      ]
    },
    {
      "module": "module.sprints-vpc-1",
      "mode": "managed",
      "type": "aws_route_table_association",
      "name": "sub-ass-terraform",
      "provider": "provider[\"registry.terraform.io/hashicorp/aws\"]",
      "instances": [
        {
          "schema_version": 0,
          "attributes": {
            "gateway_id": "",
            "id": "rtbassoc-08dcb0973038e2b69",
            "route_table_id": "rtb-0bdcb82111443d812",
            "subnet_id": "subnet-0e4155956d011d061",
            "timeouts": null
          },
          "sensitive_attributes": [],
          "private": "eyJlMmJmYjczMC1lY2FhLTExZTYtOGY4OC0zNDM2M2JjN2M0YzAiOnsiY3JlYXRlIjozMDAwMDAwMDAwMDAsImRlbGV0ZSI6MzAwMDAwMDAwMDAwLCJ1cGRhdGUiOjEyMDAwMDAwMDAwMH19",
          "dependencies": [
            "module.sprints-vpc-1.aws_internet_gateway.gw-terraform",
            "module.sprints-vpc-1.aws_route_table.route-terraform",
            "module.sprints-vpc-1.aws_subnet.subnet-terraform",
            "module.sprints-vpc-1.aws_vpc.vpc-terraform"
          ]
        }
      ]
    },
    {
      "module": "module.sprints-vpc-1",
      "mode": "managed",
      "type": "aws_route_table_association",
      "name": "sub-ass-terraform-2",
      "provider": "provider[\"registry.terraform.io/hashicorp/aws\"]",
      "instances": [
        {
          "schema_version": 0,
          "attributes": {
            "gateway_id": "",
            "id": "rtbassoc-0ff23d843da125ae9",
            "route_table_id": "rtb-0bdcb82111443d812",
            "subnet_id": "subnet-0dfaa7de33c5088f2",
            "timeouts": null
          },
          "sensitive_attributes": [],
          "private": "eyJlMmJmYjczMC1lY2FhLTExZTYtOGY4OC0zNDM2M2JjN2M0YzAiOnsiY3JlYXRlIjozMDAwMDAwMDAwMDAsImRlbGV0ZSI6MzAwMDAwMDAwMDAwLCJ1cGRhdGUiOjEyMDAwMDAwMDAwMH19",
          "dependencies": [
            "module.sprints-vpc-1.aws_internet_gateway.gw-terraform",
            "module.sprints-vpc-1.aws_route_table.route-terraform",
            "module.sprints-vpc-1.aws_subnet.subnet-terraform",
            "module.sprints-vpc-1.aws_vpc.vpc-terraform"
          ]
        }
      ]
    },
    {
      "module": "module.sprints-vpc-1",
      "mode": "managed",
      "type": "aws_security_group",
      "name": "terraform-securityG",
      "provider": "provider[\"registry.terraform.io/hashicorp/aws\"]",
      "instances": [
        {
          "schema_version": 1,
          "attributes": {
            "arn": "arn:aws:ec2:us-east-1:244282014725:security-group/sg-02cdf70b6f5706e52",
            "description": "Managed by Terraform",
            "egress": [
              {
                "cidr_blocks": [
                  "0.0.0.0/0"
                ],
                "description": "",
                "from_port": 0,
                "ipv6_cidr_blocks": [],
                "prefix_list_ids": [],
                "protocol": "-1",
                "security_groups": [],
                "self": false,
                "to_port": 0
              }
            ],
            "id": "sg-02cdf70b6f5706e52",
            "ingress": [
              {
                "cidr_blocks": [
                  "0.0.0.0/0"
                ],
                "description": "Flask_app from VPC",
                "from_port": 5000,
                "ipv6_cidr_blocks": [],
                "prefix_list_ids": [],
                "protocol": "tcp",
                "security_groups": [],
                "self": false,
                "to_port": 5000
              },
              {
                "cidr_blocks": [
                  "0.0.0.0/0"
                ],
                "description": "Http from VPC",
                "from_port": 80,
                "ipv6_cidr_blocks": [],
                "prefix_list_ids": [],
                "protocol": "tcp",
                "security_groups": [],
                "self": false,
                "to_port": 80
              },
              {
                "cidr_blocks": [
                  "0.0.0.0/0"
                ],
                "description": "Jenkins from VPC",
                "from_port": 8080,
                "ipv6_cidr_blocks": [],
                "prefix_list_ids": [],
                "protocol": "tcp",
                "security_groups": [],
                "self": false,
                "to_port": 8080
              },
              {
                "cidr_blocks": [
                  "0.0.0.0/0"
                ],
                "description": "SSH",
                "from_port": 22,
                "ipv6_cidr_blocks": [],
                "prefix_list_ids": [],
                "protocol": "tcp",
                "security_groups": [],
                "self": false,
                "to_port": 22
              }
            ],
            "name": "terraform-securityG2023092004044775170000000c",
            "name_prefix": "terraform-securityG",
            "owner_id": "244282014725",
            "revoke_rules_on_delete": false,
            "tags": {
              "Name": "terraform-securityG"
            },
            "tags_all": {
              "Name": "terraform-securityG"
            },
            "timeouts": null,
            "vpc_id": "vpc-0ece851273c0c3342"
          },
          "sensitive_attributes": [],
          "private": "eyJlMmJmYjczMC1lY2FhLTExZTYtOGY4OC0zNDM2M2JjN2M0YzAiOnsiY3JlYXRlIjo2MDAwMDAwMDAwMDAsImRlbGV0ZSI6OTAwMDAwMDAwMDAwfSwic2NoZW1hX3ZlcnNpb24iOiIxIn0=",
          "dependencies": [
            "module.sprints-vpc-1.aws_vpc.vpc-terraform"
          ]
        }
      ]
    },
    {
      "module": "module.sprints-vpc-1",
      "mode": "managed",
      "type": "aws_security_group",
      "name": "terraform-securityG-privateInstance",
      "provider": "provider[\"registry.terraform.io/hashicorp/aws\"]",
      "instances": [
        {
          "schema_version": 1,
          "attributes": {
            "arn": "arn:aws:ec2:us-east-1:244282014725:security-group/sg-04dddb9b40ec504be",
            "description": "Managed by Terraform",
            "egress": [
              {
                "cidr_blocks": [
                  "0.0.0.0/0"
                ],
                "description": "",
                "from_port": 0,
                "ipv6_cidr_blocks": [],
                "prefix_list_ids": [],
                "protocol": "-1",
                "security_groups": [],
                "self": false,
                "to_port": 0
              }
            ],
            "id": "sg-04dddb9b40ec504be",
            "ingress": [
              {
                "cidr_blocks": [
                  "10.0.0.0/16"
                ],
                "description": "",
                "from_port": 0,
                "ipv6_cidr_blocks": [],
                "prefix_list_ids": [],
                "protocol": "tcp",
                "security_groups": [],
                "self": false,
                "to_port": 65535
              }
            ],
            "name": "terraform-securityG-privateInstance2023092004044774830000000b",
            "name_prefix": "terraform-securityG-privateInstance",
            "owner_id": "244282014725",
            "revoke_rules_on_delete": false,
            "tags": {
              "Name": "terraform-securityG-privateInstance"
            },
            "tags_all": {
              "Name": "terraform-securityG-privateInstance"
            },
            "timeouts": null,
            "vpc_id": "vpc-0ece851273c0c3342"
          },
          "sensitive_attributes": [],
          "private": "eyJlMmJmYjczMC1lY2FhLTExZTYtOGY4OC0zNDM2M2JjN2M0YzAiOnsiY3JlYXRlIjo2MDAwMDAwMDAwMDAsImRlbGV0ZSI6OTAwMDAwMDAwMDAwfSwic2NoZW1hX3ZlcnNpb24iOiIxIn0=",
          "dependencies": [
            "module.sprints-vpc-1.aws_vpc.vpc-terraform"
          ]
        }
      ]
    },
    {
      "module": "module.sprints-vpc-1",
      "mode": "managed",
      "type": "aws_subnet",
      "name": "subnet-terraform",
      "provider": "provider[\"registry.terraform.io/hashicorp/aws\"]",
      "instances": [
        {
          "index_key": "private-2-subnet-terraform",
          "schema_version": 1,
          "attributes": {
            "arn": "arn:aws:ec2:us-east-1:244282014725:subnet/subnet-0eed93298584f5014",
            "assign_ipv6_address_on_creation": false,
            "availability_zone": "us-east-1d",
            "availability_zone_id": "use1-az4",
            "cidr_block": "10.0.3.0/24",
            "customer_owned_ipv4_pool": "",
            "enable_dns64": false,
            "enable_lni_at_device_index": 0,
            "enable_resource_name_dns_a_record_on_launch": false,
            "enable_resource_name_dns_aaaa_record_on_launch": false,
            "id": "subnet-0eed93298584f5014",
            "ipv6_cidr_block": "",
            "ipv6_cidr_block_association_id": "",
            "ipv6_native": false,
            "map_customer_owned_ip_on_launch": false,
            "map_public_ip_on_launch": true,
            "outpost_arn": "",
            "owner_id": "244282014725",
            "private_dns_hostname_type_on_launch": "ip-name",
            "tags": {
              "Name": "private-2-subnet-terraform"
            },
            "tags_all": {
              "Name": "private-2-subnet-terraform"
            },
            "timeouts": null,
            "vpc_id": "vpc-0ece851273c0c3342"
          },
          "sensitive_attributes": [],
          "private": "eyJlMmJmYjczMC1lY2FhLTExZTYtOGY4OC0zNDM2M2JjN2M0YzAiOnsiY3JlYXRlIjo2MDAwMDAwMDAwMDAsImRlbGV0ZSI6MTIwMDAwMDAwMDAwMH0sInNjaGVtYV92ZXJzaW9uIjoiMSJ9",
          "dependencies": [
            "module.sprints-vpc-1.aws_vpc.vpc-terraform"
          ]
        },
        {
          "index_key": "private-subnet-terraform",
          "schema_version": 1,
          "attributes": {
            "arn": "arn:aws:ec2:us-east-1:244282014725:subnet/subnet-0b70172e81a0bf6fc",
            "assign_ipv6_address_on_creation": false,
            "availability_zone": "us-east-1c",
            "availability_zone_id": "use1-az2",
            "cidr_block": "10.0.1.0/24",
            "customer_owned_ipv4_pool": "",
            "enable_dns64": false,
            "enable_lni_at_device_index": 0,
            "enable_resource_name_dns_a_record_on_launch": false,
            "enable_resource_name_dns_aaaa_record_on_launch": false,
            "id": "subnet-0b70172e81a0bf6fc",
            "ipv6_cidr_block": "",
            "ipv6_cidr_block_association_id": "",
            "ipv6_native": false,
            "map_customer_owned_ip_on_launch": false,
            "map_public_ip_on_launch": true,
            "outpost_arn": "",
            "owner_id": "244282014725",
            "private_dns_hostname_type_on_launch": "ip-name",
            "tags": {
              "Name": "private-subnet-terraform"
            },
            "tags_all": {
              "Name": "private-subnet-terraform"
            },
            "timeouts": null,
            "vpc_id": "vpc-0ece851273c0c3342"
          },
          "sensitive_attributes": [],
          "private": "eyJlMmJmYjczMC1lY2FhLTExZTYtOGY4OC0zNDM2M2JjN2M0YzAiOnsiY3JlYXRlIjo2MDAwMDAwMDAwMDAsImRlbGV0ZSI6MTIwMDAwMDAwMDAwMH0sInNjaGVtYV92ZXJzaW9uIjoiMSJ9",
          "dependencies": [
            "module.sprints-vpc-1.aws_vpc.vpc-terraform"
          ]
        },
        {
          "index_key": "public-2-subnet-terraform",
          "schema_version": 1,
          "attributes": {
            "arn": "arn:aws:ec2:us-east-1:244282014725:subnet/subnet-0dfaa7de33c5088f2",
            "assign_ipv6_address_on_creation": false,
            "availability_zone": "us-east-1b",
            "availability_zone_id": "use1-az1",
            "cidr_block": "10.0.2.0/24",
            "customer_owned_ipv4_pool": "",
            "enable_dns64": false,
            "enable_lni_at_device_index": 0,
            "enable_resource_name_dns_a_record_on_launch": false,
            "enable_resource_name_dns_aaaa_record_on_launch": false,
            "id": "subnet-0dfaa7de33c5088f2",
            "ipv6_cidr_block": "",
            "ipv6_cidr_block_association_id": "",
            "ipv6_native": false,
            "map_customer_owned_ip_on_launch": false,
            "map_public_ip_on_launch": true,
            "outpost_arn": "",
            "owner_id": "244282014725",
            "private_dns_hostname_type_on_launch": "ip-name",
            "tags": {
              "Name": "public-2-subnet-terraform"
            },
            "tags_all": {
              "Name": "public-2-subnet-terraform"
            },
            "timeouts": null,
            "vpc_id": "vpc-0ece851273c0c3342"
          },
          "sensitive_attributes": [],
          "private": "eyJlMmJmYjczMC1lY2FhLTExZTYtOGY4OC0zNDM2M2JjN2M0YzAiOnsiY3JlYXRlIjo2MDAwMDAwMDAwMDAsImRlbGV0ZSI6MTIwMDAwMDAwMDAwMH0sInNjaGVtYV92ZXJzaW9uIjoiMSJ9",
          "dependencies": [
            "module.sprints-vpc-1.aws_vpc.vpc-terraform"
          ]
        },
        {
          "index_key": "public-subnet-terraform",
          "schema_version": 1,
          "attributes": {
            "arn": "arn:aws:ec2:us-east-1:244282014725:subnet/subnet-0e4155956d011d061",
            "assign_ipv6_address_on_creation": false,
            "availability_zone": "us-east-1a",
            "availability_zone_id": "use1-az6",
            "cidr_block": "10.0.0.0/24",
            "customer_owned_ipv4_pool": "",
            "enable_dns64": false,
            "enable_lni_at_device_index": 0,
            "enable_resource_name_dns_a_record_on_launch": false,
            "enable_resource_name_dns_aaaa_record_on_launch": false,
            "id": "subnet-0e4155956d011d061",
            "ipv6_cidr_block": "",
            "ipv6_cidr_block_association_id": "",
            "ipv6_native": false,
            "map_customer_owned_ip_on_launch": false,
            "map_public_ip_on_launch": true,
            "outpost_arn": "",
            "owner_id": "244282014725",
            "private_dns_hostname_type_on_launch": "ip-name",
            "tags": {
              "Name": "public-subnet-terraform"
            },
            "tags_all": {
              "Name": "public-subnet-terraform"
            },
            "timeouts": null,
            "vpc_id": "vpc-0ece851273c0c3342"
          },
          "sensitive_attributes": [],
          "private": "eyJlMmJmYjczMC1lY2FhLTExZTYtOGY4OC0zNDM2M2JjN2M0YzAiOnsiY3JlYXRlIjo2MDAwMDAwMDAwMDAsImRlbGV0ZSI6MTIwMDAwMDAwMDAwMH0sInNjaGVtYV92ZXJzaW9uIjoiMSJ9",
          "dependencies": [
            "module.sprints-vpc-1.aws_vpc.vpc-terraform"
          ]
        }
      ]
    },
    {
      "module": "module.sprints-vpc-1",
      "mode": "managed",
      "type": "aws_vpc",
      "name": "vpc-terraform",
      "provider": "provider[\"registry.terraform.io/hashicorp/aws\"]",
      "instances": [
        {
          "schema_version": 1,
          "attributes": {
            "arn": "arn:aws:ec2:us-east-1:244282014725:vpc/vpc-0ece851273c0c3342",
            "assign_generated_ipv6_cidr_block": false,
            "cidr_block": "10.0.0.0/16",
            "default_network_acl_id": "acl-0aa6a9799c3c352e5",
            "default_route_table_id": "rtb-01bf8d06eacd77de7",
            "default_security_group_id": "sg-0b6944dedd8662399",
            "dhcp_options_id": "dopt-08a7803967749cf45",
            "enable_dns_hostnames": false,
            "enable_dns_support": true,
            "enable_network_address_usage_metrics": false,
            "id": "vpc-0ece851273c0c3342",
            "instance_tenancy": "default",
            "ipv4_ipam_pool_id": null,
            "ipv4_netmask_length": null,
            "ipv6_association_id": "",
            "ipv6_cidr_block": "",
            "ipv6_cidr_block_network_border_group": "",
            "ipv6_ipam_pool_id": "",
            "ipv6_netmask_length": 0,
            "main_route_table_id": "rtb-01bf8d06eacd77de7",
            "owner_id": "244282014725",
            "tags": {
              "Name": "vpc-terraform"
            },
            "tags_all": {
              "Name": "vpc-terraform"
            }
          },
          "sensitive_attributes": [],
          "private": "eyJzY2hlbWFfdmVyc2lvbiI6IjEifQ=="
        }
      ]
    },
    {
      "module": "module.terraform-ecr",
      "mode": "managed",
      "type": "aws_ecr_repository",
      "name": "sprints-ecr",
      "provider": "provider[\"registry.terraform.io/hashicorp/aws\"]",
      "instances": [
        {
          "schema_version": 0,
          "attributes": {
            "arn": "arn:aws:ecr:us-east-1:244282014725:repository/sprints-ecr",
            "encryption_configuration": [
              {
                "encryption_type": "AES256",
                "kms_key": ""
              }
            ],
            "force_delete": null,
            "id": "sprints-ecr",
            "image_scanning_configuration": [
              {
                "scan_on_push": true
              }
            ],
            "image_tag_mutability": "MUTABLE",
            "name": "sprints-ecr",
            "registry_id": "244282014725",
            "repository_url": "244282014725.dkr.ecr.us-east-1.amazonaws.com/sprints-ecr",
            "tags": {
              "env": "dev",
              "name": "sprints-ecr"
            },
            "tags_all": {
              "env": "dev",
              "name": "sprints-ecr"
            },
            "timeouts": null
          },
          "sensitive_attributes": [],
          "private": "eyJlMmJmYjczMC1lY2FhLTExZTYtOGY4OC0zNDM2M2JjN2M0YzAiOnsiZGVsZXRlIjoxMjAwMDAwMDAwMDAwfX0="
        }
      ]
    },
    {
      "module": "module.terraform-eks",
      "mode": "managed",
      "type": "aws_eks_cluster",
      "name": "eks",
      "provider": "provider[\"registry.terraform.io/hashicorp/aws\"]",
      "instances": [
        {
          "schema_version": 0,
          "attributes": {
            "arn": "arn:aws:eks:us-east-1:244282014725:cluster/pc-eks",
            "certificate_authority": [
              {
                "data": "LS0tLS1CRUdJTiBDRVJUSUZJQ0FURS0tLS0tCk1JSURCVENDQWUyZ0F3SUJBZ0lJZkpQU0J4RVp2SFV3RFFZSktvWklodmNOQVFFTEJRQXdGVEVUTUJFR0ExVUUKQXhNS2EzVmlaWEp1WlhSbGN6QWVGdzB5TXpBNU1qQXdOakkxTWpaYUZ3MHpNekE1TVRjd05qSTFNalphTUJVeApFekFSQmdOVkJBTVRDbXQxWW1WeWJtVjBaWE13Z2dFaU1BMEdDU3FHU0liM0RRRUJBUVVBQTRJQkR3QXdnZ0VLCkFvSUJBUURUdEU5ZDVhdzRSb1haT0pzM3ZuRGhVMVFaL0JBZ1Q3NVJlQ1ErS29hTnpBNjJkWVB2Sk9QZjh0RmoKUm9nYlhYWXFkUUhEZHdFb0ovWW82UU1acWFBait1Z3lESkdwS1BJR0N6ZExPS3p1azJyZWJjRWpVQ1pNQnk2WQpyUm9HRi9hQ1dxc1Y1UG1oT0RGRU1VeDIwODRBZmJCdnFXbzhhcVMzdnAwTCsrYzV0MDdwY3c5Z0VxaFpDYUNXCmxHSnB5M3pOZ2xZN3kvWUVvbVJCRElJdmdFK1lzcW1xOFNBMHZCYmxDazdCYWo1c2NNckIwSnBCYlRXV202czgKZ0NFYmRYSyt6TkltajRqSGNEY1pTUW9CaDlib0JqMmlyQlB2dGJPWmRJRzRrNGNDNHFCRUt4QUFrNFk1K0RERgozZ2NUcWZrK3JJZjRxV3NRdnA4SWhKcTNKbE1aQWdNQkFBR2pXVEJYTUE0R0ExVWREd0VCL3dRRUF3SUNwREFQCkJnTlZIUk1CQWY4RUJUQURBUUgvTUIwR0ExVWREZ1FXQkJSa0hMTVB3ZUNubHFYMURhdjJUeGhxNkl3QnVqQVYKQmdOVkhSRUVEakFNZ2dwcmRXSmxjbTVsZEdWek1BMEdDU3FHU0liM0RRRUJDd1VBQTRJQkFRQWNrMDlBbFMzZwpIMWVRUmNEeUlGWEh0ZW00c2gxdFp5VHJvR1ZtdnordndNQ0FGbnNoUTUzeUhuVkN2T0daMzdoWTNLMEdSRC8vCjg5OElyR3pBOXpZL3oyVzJaeGsxSUpKdlhkR2N6ZnV3MysxL3BBY3EyK1lWT1ZWVFlCWEQvbC9LREtRSllDbEcKeFBlWFA4MUsrbnpGbXcxc21Sd0FFVUJhSUZhVWNieHQzUE9mQ1U1a0FJUDNlTjkreE8zVWoxajlXWHZrTXdmUAp1RkFYWWNTNVFzWHJiNHFXSkUvRSt1Y3g5TXBMS0xrNWZ2dWU1NHdPVDAram9vMTRxL0draEE2ZDljY0lkbDkrCnd1TTNielJ1a3FFUmRLc21iMXlUUUlkVnkxWXJDeHVpWEVEbXY4bUp4U1JlaytwRU5BV0VTaXhxdWZqMlQrZDQKU1doVXBmRzV1S0lyCi0tLS0tRU5EIENFUlRJRklDQVRFLS0tLS0K"
              }
            ],
            "cluster_id": null,
            "created_at": "2023-09-20 06:21:32.193 +0000 UTC",
            "enabled_cluster_log_types": [],
            "encryption_config": [],
            "endpoint": "https://835B54F0E4965A0C4B249DA291C10869.gr7.us-east-1.eks.amazonaws.com",
            "id": "pc-eks",
            "identity": [
              {
                "oidc": [
                  {
                    "issuer": "https://oidc.eks.us-east-1.amazonaws.com/id/835B54F0E4965A0C4B249DA291C10869"
                  }
                ]
              }
            ],
            "kubernetes_network_config": [
              {
                "ip_family": "ipv4",
                "service_ipv4_cidr": "172.20.0.0/16",
                "service_ipv6_cidr": ""
              }
            ],
            "name": "pc-eks",
            "outpost_config": [],
            "platform_version": "eks.5",
            "role_arn": "arn:aws:iam::244282014725:role/ed-eks-master",
            "status": "ACTIVE",
            "tags": {
              "Name": "sprints-eks"
            },
            "tags_all": {
              "Name": "sprints-eks"
            },
            "timeouts": null,
            "version": "1.27",
            "vpc_config": [
              {
                "cluster_security_group_id": "sg-003b61281fdaac650",
                "endpoint_private_access": false,
                "endpoint_public_access": true,
                "public_access_cidrs": [
                  "0.0.0.0/0"
                ],
                "security_group_ids": [],
                "subnet_ids": [
                  "subnet-0dfaa7de33c5088f2",
                  "subnet-0e4155956d011d061"
                ],
                "vpc_id": "vpc-0ece851273c0c3342"
              }
            ]
          },
          "sensitive_attributes": [],
          "private": "eyJlMmJmYjczMC1lY2FhLTExZTYtOGY4OC0zNDM2M2JjN2M0YzAiOnsiY3JlYXRlIjoxODAwMDAwMDAwMDAwLCJkZWxldGUiOjkwMDAwMDAwMDAwMCwidXBkYXRlIjozNjAwMDAwMDAwMDAwfX0=",
          "dependencies": [
            "module.sprints-vpc-1.aws_subnet.subnet-terraform",
            "module.sprints-vpc-1.aws_vpc.vpc-terraform",
            "module.terraform-eks.aws_iam_role.master",
            "module.terraform-eks.aws_iam_role_policy_attachment.AmazonEKSClusterPolicy",
            "module.terraform-eks.aws_iam_role_policy_attachment.AmazonEKSServicePolicy",
            "module.terraform-eks.aws_iam_role_policy_attachment.AmazonEKSVPCResourceController"
          ]
        }
      ]
    },
    {
      "module": "module.terraform-eks",
      "mode": "managed",
      "type": "aws_eks_node_group",
      "name": "node-grp",
      "provider": "provider[\"registry.terraform.io/hashicorp/aws\"]",
      "instances": [
        {
          "schema_version": 0,
          "attributes": {
            "ami_type": "AL2_x86_64",
            "arn": "arn:aws:eks:us-east-1:244282014725:nodegroup/pc-eks/pc-node-group/e2c558a3-4893-46cf-c5fa-6eca0abfe111",
            "capacity_type": "ON_DEMAND",
            "cluster_name": "pc-eks",
            "disk_size": 20,
            "force_update_version": null,
            "id": "pc-eks:pc-node-group",
            "instance_types": [
              "t2.small"
            ],
            "labels": {
              "env": "dev"
            },
            "launch_template": [],
            "node_group_name": "pc-node-group",
            "node_group_name_prefix": "",
            "node_role_arn": "arn:aws:iam::244282014725:role/ed-eks-worker",
            "release_version": "1.27.4-20230825",
            "remote_access": [
              {
                "ec2_ssh_key": "Sprints-Key-pair",
                "source_security_group_ids": [
                  "sg-02cdf70b6f5706e52"
                ]
              }
            ],
            "resources": [
              {
                "autoscaling_groups": [
                  {
                    "name": "eks-pc-node-group-e2c558a3-4893-46cf-c5fa-6eca0abfe111"
                  }
                ],
                "remote_access_security_group_id": "sg-0487f7bcb6b3768cf"
              }
            ],
            "scaling_config": [
              {
                "desired_size": 2,
                "max_size": 3,
                "min_size": 1
              }
            ],
            "status": "ACTIVE",
            "subnet_ids": [
              "subnet-0dfaa7de33c5088f2",
              "subnet-0e4155956d011d061"
            ],
            "tags": {},
            "tags_all": {},
            "taint": [],
            "timeouts": null,
            "update_config": [
              {
                "max_unavailable": 1,
                "max_unavailable_percentage": 0
              }
            ],
            "version": "1.27"
          },
          "sensitive_attributes": [],
          "private": "eyJlMmJmYjczMC1lY2FhLTExZTYtOGY4OC0zNDM2M2JjN2M0YzAiOnsiY3JlYXRlIjozNjAwMDAwMDAwMDAwLCJkZWxldGUiOjM2MDAwMDAwMDAwMDAsInVwZGF0ZSI6MzYwMDAwMDAwMDAwMH19",
          "dependencies": [
            "module.sprints-vpc-1.aws_security_group.terraform-securityG",
            "module.sprints-vpc-1.aws_subnet.subnet-terraform",
            "module.sprints-vpc-1.aws_vpc.vpc-terraform",
            "module.terraform-eks.aws_eks_cluster.eks",
            "module.terraform-eks.aws_iam_role.master",
            "module.terraform-eks.aws_iam_role.worker",
            "module.terraform-eks.aws_iam_role_policy_attachment.AmazonEC2ContainerRegistryReadOnly",
            "module.terraform-eks.aws_iam_role_policy_attachment.AmazonEKSClusterPolicy",
            "module.terraform-eks.aws_iam_role_policy_attachment.AmazonEKSServicePolicy",
            "module.terraform-eks.aws_iam_role_policy_attachment.AmazonEKSVPCResourceController",
            "module.terraform-eks.aws_iam_role_policy_attachment.AmazonEKSWorkerNodePolicy",
            "module.terraform-eks.aws_iam_role_policy_attachment.AmazonEKS_CNI_Policy"
          ]
        }
      ]
    },
    {
      "module": "module.terraform-eks",
      "mode": "managed",
      "type": "aws_iam_instance_profile",
      "name": "worker",
      "provider": "provider[\"registry.terraform.io/hashicorp/aws\"]",
      "instances": [
        {
          "schema_version": 0,
          "attributes": {
            "arn": "arn:aws:iam::244282014725:instance-profile/ed-eks-worker-new-profile",
            "create_date": "2023-09-20T06:21:29Z",
            "id": "ed-eks-worker-new-profile",
            "name": "ed-eks-worker-new-profile",
            "name_prefix": "",
            "path": "/",
            "role": "ed-eks-worker",
            "tags": {},
            "tags_all": {},
            "unique_id": "AIPATRYCXXQCUDKBHONSC"
          },
          "sensitive_attributes": [],
          "private": "bnVsbA==",
          "dependencies": [
            "module.terraform-eks.aws_iam_role.worker"
          ]
        }
      ]
    },
    {
      "module": "module.terraform-eks",
      "mode": "managed",
      "type": "aws_iam_policy",
      "name": "autoscaler",
      "provider": "provider[\"registry.terraform.io/hashicorp/aws\"]",
      "instances": [
        {
          "schema_version": 0,
          "attributes": {
            "arn": "arn:aws:iam::244282014725:policy/ed-eks-autoscaler-policy",
            "description": "",
            "id": "arn:aws:iam::244282014725:policy/ed-eks-autoscaler-policy",
            "name": "ed-eks-autoscaler-policy",
            "name_prefix": "",
            "path": "/",
            "policy": "{\"Statement\":[{\"Action\":[\"autoscaling:DescribeAutoScalingGroups\",\"autoscaling:DescribeAutoScalingInstances\",\"autoscaling:DescribeTags\",\"autoscaling:DescribeLaunchConfigurations\",\"autoscaling:SetDesiredCapacity\",\"autoscaling:TerminateInstanceInAutoScalingGroup\",\"ec2:DescribeLaunchTemplateVersions\"],\"Effect\":\"Allow\",\"Resource\":\"*\"}],\"Version\":\"2012-10-17\"}",
            "policy_id": "ANPATRYCXXQC7WKUWUG7Z",
            "tags": {},
            "tags_all": {}
          },
          "sensitive_attributes": [],
          "private": "bnVsbA=="
        }
      ]
    },
    {
      "module": "module.terraform-eks",
      "mode": "managed",
      "type": "aws_iam_role",
      "name": "master",
      "provider": "provider[\"registry.terraform.io/hashicorp/aws\"]",
      "instances": [
        {
          "schema_version": 0,
          "attributes": {
            "arn": "arn:aws:iam::244282014725:role/ed-eks-master",
            "assume_role_policy": "{\"Statement\":[{\"Action\":\"sts:AssumeRole\",\"Effect\":\"Allow\",\"Principal\":{\"Service\":\"eks.amazonaws.com\"}}],\"Version\":\"2012-10-17\"}",
            "create_date": "2023-09-20T06:21:28Z",
            "description": "",
            "force_detach_policies": false,
            "id": "ed-eks-master",
            "inline_policy": [],
            "managed_policy_arns": [
              "arn:aws:iam::aws:policy/AmazonEKSClusterPolicy",
              "arn:aws:iam::aws:policy/AmazonEKSServicePolicy",
              "arn:aws:iam::aws:policy/AmazonEKSVPCResourceController"
            ],
            "max_session_duration": 3600,
            "name": "ed-eks-master",
            "name_prefix": "",
            "path": "/",
            "permissions_boundary": null,
            "tags": {},
            "tags_all": {},
            "unique_id": "AROATRYCXXQC4EA35B76J"
          },
          "sensitive_attributes": [],
          "private": "bnVsbA=="
        }
      ]
    },
    {
      "module": "module.terraform-eks",
      "mode": "managed",
      "type": "aws_iam_role",
      "name": "worker",
      "provider": "provider[\"registry.terraform.io/hashicorp/aws\"]",
      "instances": [
        {
          "schema_version": 0,
          "attributes": {
            "arn": "arn:aws:iam::244282014725:role/ed-eks-worker",
            "assume_role_policy": "{\"Statement\":[{\"Action\":\"sts:AssumeRole\",\"Effect\":\"Allow\",\"Principal\":{\"Service\":\"ec2.amazonaws.com\"}}],\"Version\":\"2012-10-17\"}",
            "create_date": "2023-09-20T06:21:28Z",
            "description": "",
            "force_detach_policies": false,
            "id": "ed-eks-worker",
            "inline_policy": [],
            "managed_policy_arns": [
              "arn:aws:iam::244282014725:policy/ed-eks-autoscaler-policy",
              "arn:aws:iam::aws:policy/AWSXRayDaemonWriteAccess",
              "arn:aws:iam::aws:policy/AmazonEC2ContainerRegistryReadOnly",
              "arn:aws:iam::aws:policy/AmazonEKSWorkerNodePolicy",
              "arn:aws:iam::aws:policy/AmazonEKS_CNI_Policy",
              "arn:aws:iam::aws:policy/AmazonS3ReadOnlyAccess",
              "arn:aws:iam::aws:policy/AmazonSSMManagedInstanceCore"
            ],
            "max_session_duration": 3600,
            "name": "ed-eks-worker",
            "name_prefix": "",
            "path": "/",
            "permissions_boundary": null,
            "tags": {},
            "tags_all": {},
            "unique_id": "AROATRYCXXQC6HGFMPUSV"
          },
          "sensitive_attributes": [],
          "private": "bnVsbA=="
        }
      ]
    },
    {
      "module": "module.terraform-eks",
      "mode": "managed",
      "type": "aws_iam_role_policy_attachment",
      "name": "AmazonEC2ContainerRegistryReadOnly",
      "provider": "provider[\"registry.terraform.io/hashicorp/aws\"]",
      "instances": [
        {
          "schema_version": 0,
          "attributes": {
            "id": "ed-eks-worker-20230920062129763300000005",
            "policy_arn": "arn:aws:iam::aws:policy/AmazonEC2ContainerRegistryReadOnly",
            "role": "ed-eks-worker"
          },
          "sensitive_attributes": [],
          "private": "bnVsbA==",
          "dependencies": [
            "module.terraform-eks.aws_iam_role.worker"
          ]
        }
      ]
    },
    {
      "module": "module.terraform-eks",
      "mode": "managed",
      "type": "aws_iam_role_policy_attachment",
      "name": "AmazonEKSClusterPolicy",
      "provider": "provider[\"registry.terraform.io/hashicorp/aws\"]",
      "instances": [
        {
          "schema_version": 0,
          "attributes": {
            "id": "ed-eks-master-20230920062129551100000002",
            "policy_arn": "arn:aws:iam::aws:policy/AmazonEKSClusterPolicy",
            "role": "ed-eks-master"
          },
          "sensitive_attributes": [],
          "private": "bnVsbA==",
          "dependencies": [
            "module.terraform-eks.aws_iam_role.master"
          ]
        }
      ]
    },
    {
      "module": "module.terraform-eks",
      "mode": "managed",
      "type": "aws_iam_role_policy_attachment",
      "name": "AmazonEKSServicePolicy",
      "provider": "provider[\"registry.terraform.io/hashicorp/aws\"]",
      "instances": [
        {
          "schema_version": 0,
          "attributes": {
            "id": "ed-eks-master-20230920062129604200000003",
            "policy_arn": "arn:aws:iam::aws:policy/AmazonEKSServicePolicy",
            "role": "ed-eks-master"
          },
          "sensitive_attributes": [],
          "private": "bnVsbA==",
          "dependencies": [
            "module.terraform-eks.aws_iam_role.master"
          ]
        }
      ]
    },
    {
      "module": "module.terraform-eks",
      "mode": "managed",
      "type": "aws_iam_role_policy_attachment",
      "name": "AmazonEKSVPCResourceController",
      "provider": "provider[\"registry.terraform.io/hashicorp/aws\"]",
      "instances": [
        {
          "schema_version": 0,
          "attributes": {
            "id": "ed-eks-master-20230920062129955900000007",
            "policy_arn": "arn:aws:iam::aws:policy/AmazonEKSVPCResourceController",
            "role": "ed-eks-master"
          },
          "sensitive_attributes": [],
          "private": "bnVsbA==",
          "dependencies": [
            "module.terraform-eks.aws_iam_role.master"
          ]
        }
      ]
    },
    {
      "module": "module.terraform-eks",
      "mode": "managed",
      "type": "aws_iam_role_policy_attachment",
      "name": "AmazonEKSWorkerNodePolicy",
      "provider": "provider[\"registry.terraform.io/hashicorp/aws\"]",
      "instances": [
        {
          "schema_version": 0,
          "attributes": {
            "id": "ed-eks-worker-20230920062129550300000001",
            "policy_arn": "arn:aws:iam::aws:policy/AmazonEKSWorkerNodePolicy",
            "role": "ed-eks-worker"
          },
          "sensitive_attributes": [],
          "private": "bnVsbA==",
          "dependencies": [
            "module.terraform-eks.aws_iam_role.worker"
          ]
        }
      ]
    },
    {
      "module": "module.terraform-eks",
      "mode": "managed",
      "type": "aws_iam_role_policy_attachment",
      "name": "AmazonEKS_CNI_Policy",
      "provider": "provider[\"registry.terraform.io/hashicorp/aws\"]",
      "instances": [
        {
          "schema_version": 0,
          "attributes": {
            "id": "ed-eks-worker-2023092006213030490000000a",
            "policy_arn": "arn:aws:iam::aws:policy/AmazonEKS_CNI_Policy",
            "role": "ed-eks-worker"
          },
          "sensitive_attributes": [],
          "private": "bnVsbA==",
          "dependencies": [
            "module.terraform-eks.aws_iam_role.worker"
          ]
        }
      ]
    },
    {
      "module": "module.terraform-eks",
      "mode": "managed",
      "type": "aws_iam_role_policy_attachment",
      "name": "AmazonSSMManagedInstanceCore",
      "provider": "provider[\"registry.terraform.io/hashicorp/aws\"]",
      "instances": [
        {
          "schema_version": 0,
          "attributes": {
            "id": "ed-eks-worker-20230920062129757000000004",
            "policy_arn": "arn:aws:iam::aws:policy/AmazonSSMManagedInstanceCore",
            "role": "ed-eks-worker"
          },
          "sensitive_attributes": [],
          "private": "bnVsbA==",
          "dependencies": [
            "module.terraform-eks.aws_iam_role.worker"
          ]
        }
      ]
    },
    {
      "module": "module.terraform-eks",
      "mode": "managed",
      "type": "aws_iam_role_policy_attachment",
      "name": "autoscaler",
      "provider": "provider[\"registry.terraform.io/hashicorp/aws\"]",
      "instances": [
        {
          "schema_version": 0,
          "attributes": {
            "id": "ed-eks-worker-20230920062130007700000008",
            "policy_arn": "arn:aws:iam::244282014725:policy/ed-eks-autoscaler-policy",
            "role": "ed-eks-worker"
          },
          "sensitive_attributes": [],
          "private": "bnVsbA==",
          "dependencies": [
            "module.terraform-eks.aws_iam_policy.autoscaler",
            "module.terraform-eks.aws_iam_role.worker"
          ]
        }
      ]
    },
    {
      "module": "module.terraform-eks",
      "mode": "managed",
      "type": "aws_iam_role_policy_attachment",
      "name": "s3",
      "provider": "provider[\"registry.terraform.io/hashicorp/aws\"]",
      "instances": [
        {
          "schema_version": 0,
          "attributes": {
            "id": "ed-eks-worker-20230920062129805800000006",
            "policy_arn": "arn:aws:iam::aws:policy/AmazonS3ReadOnlyAccess",
            "role": "ed-eks-worker"
          },
          "sensitive_attributes": [],
          "private": "bnVsbA==",
          "dependencies": [
            "module.terraform-eks.aws_iam_role.worker"
          ]
        }
      ]
    },
    {
      "module": "module.terraform-eks",
      "mode": "managed",
      "type": "aws_iam_role_policy_attachment",
      "name": "x-ray",
      "provider": "provider[\"registry.terraform.io/hashicorp/aws\"]",
      "instances": [
        {
          "schema_version": 0,
          "attributes": {
            "id": "ed-eks-worker-20230920062130102600000009",
            "policy_arn": "arn:aws:iam::aws:policy/AWSXRayDaemonWriteAccess",
            "role": "ed-eks-worker"
          },
          "sensitive_attributes": [],
          "private": "bnVsbA==",
          "dependencies": [
            "module.terraform-eks.aws_iam_role.worker"
          ]
        }
      ]
    },
    {
      "module": "module.terraform-instance-Provisioned",
      "mode": "data",
      "type": "aws_ami",
      "name": "latest_ubuntu",
      "provider": "provider[\"registry.terraform.io/hashicorp/aws\"]",
      "instances": [
        {
          "schema_version": 0,
          "attributes": {
            "architecture": "x86_64",
            "arn": "arn:aws:ec2:us-east-1::image/ami-053b0d53c279acc90",
            "block_device_mappings": [
              {
                "device_name": "/dev/sda1",
                "ebs": {
                  "delete_on_termination": "true",
                  "encrypted": "false",
                  "iops": "0",
                  "snapshot_id": "snap-0d3283808e9f92122",
                  "throughput": "0",
                  "volume_size": "8",
                  "volume_type": "gp2"
                },
                "no_device": "",
                "virtual_name": ""
              },
              {
                "device_name": "/dev/sdb",
                "ebs": {},
                "no_device": "",
                "virtual_name": "ephemeral0"
              },
              {
                "device_name": "/dev/sdc",
                "ebs": {},
                "no_device": "",
                "virtual_name": "ephemeral1"
              }
            ],
            "boot_mode": "legacy-bios",
            "creation_date": "2023-05-16T03:38:03.000Z",
            "deprecation_time": "2025-05-16T03:38:03.000Z",
            "description": "Canonical, Ubuntu, 22.04 LTS, amd64 jammy image build on 2023-05-16",
            "ena_support": true,
            "executable_users": null,
            "filter": [
              {
                "name": "name",
                "values": [
                  "ubuntu/images/hvm-ssd/ubuntu-jammy-22.04-amd64-server-20230516"
                ]
              }
            ],
            "hypervisor": "xen",
            "id": "ami-053b0d53c279acc90",
            "image_id": "ami-053b0d53c279acc90",
            "image_location": "amazon/ubuntu/images/hvm-ssd/ubuntu-jammy-22.04-amd64-server-20230516",
            "image_owner_alias": "amazon",
            "image_type": "machine",
            "imds_support": "",
            "include_deprecated": false,
            "kernel_id": "",
            "most_recent": true,
            "name": "ubuntu/images/hvm-ssd/ubuntu-jammy-22.04-amd64-server-20230516",
            "name_regex": null,
            "owner_id": "099720109477",
            "owners": [
              "amazon"
            ],
            "platform": "",
            "platform_details": "Linux/UNIX",
            "product_codes": [],
            "public": true,
            "ramdisk_id": "",
            "root_device_name": "/dev/sda1",
            "root_device_type": "ebs",
            "root_snapshot_id": "snap-0d3283808e9f92122",
            "sriov_net_support": "simple",
            "state": "available",
            "state_reason": {
              "code": "UNSET",
              "message": "UNSET"
            },
            "tags": {},
            "timeouts": null,
            "tpm_support": "",
            "usage_operation": "RunInstances",
            "virtualization_type": "hvm"
          },
          "sensitive_attributes": []
        }
      ]
    },
    {
      "module": "module.terraform-instance-Provisioned",
      "mode": "managed",
      "type": "aws_instance",
      "name": "terraform-instance-Provisioned",
      "provider": "provider[\"registry.terraform.io/hashicorp/aws\"]",
      "instances": [
        {
          "schema_version": 1,
          "attributes": {
            "ami": "ami-053b0d53c279acc90",
            "arn": "arn:aws:ec2:us-east-1:244282014725:instance/i-051667c8811218b27",
            "associate_public_ip_address": true,
            "availability_zone": "us-east-1b",
            "capacity_reservation_specification": [
              {
                "capacity_reservation_preference": "open",
                "capacity_reservation_target": []
              }
            ],
            "cpu_core_count": 2,
            "cpu_options": [
              {
                "amd_sev_snp": "",
                "core_count": 2,
                "threads_per_core": 1
              }
            ],
            "cpu_threads_per_core": 1,
            "credit_specification": [
              {
                "cpu_credits": "standard"
              }
            ],
            "disable_api_stop": false,
            "disable_api_termination": false,
            "ebs_block_device": [],
            "ebs_optimized": false,
            "enclave_options": [
              {
                "enabled": false
              }
            ],
            "ephemeral_block_device": [],
            "get_password_data": false,
            "hibernation": false,
            "host_id": "",
            "host_resource_group_arn": null,
            "iam_instance_profile": "",
            "id": "i-051667c8811218b27",
            "instance_initiated_shutdown_behavior": "stop",
            "instance_lifecycle": "",
            "instance_market_options": [],
            "instance_state": "running",
            "instance_type": "t2.medium",
            "ipv6_address_count": 0,
            "ipv6_addresses": [],
            "key_name": "Sprints-Key-pair",
            "launch_template": [],
            "maintenance_options": [
              {
                "auto_recovery": "default"
              }
            ],
            "metadata_options": [
              {
                "http_endpoint": "enabled",
                "http_protocol_ipv6": "disabled",
                "http_put_response_hop_limit": 1,
                "http_tokens": "optional",
                "instance_metadata_tags": "disabled"
              }
            ],
            "monitoring": false,
            "network_interface": [],
            "outpost_arn": "",
            "password_data": "",
            "placement_group": "",
            "placement_partition_number": 0,
            "primary_network_interface_id": "eni-0e6d77fa7ab1f58a5",
            "private_dns": "ip-10-0-2-159.ec2.internal",
            "private_dns_name_options": [
              {
                "enable_resource_name_dns_a_record": false,
                "enable_resource_name_dns_aaaa_record": false,
                "hostname_type": "ip-name"
              }
            ],
            "private_ip": "10.0.2.159",
            "public_dns": "",
            "public_ip": "3.237.186.91",
            "root_block_device": [
              {
                "delete_on_termination": true,
                "device_name": "/dev/sda1",
                "encrypted": false,
                "iops": 100,
                "kms_key_id": "",
                "tags": {},
                "throughput": 0,
                "volume_id": "vol-0da1c0fa81ed7e87c",
                "volume_size": 8,
                "volume_type": "gp2"
              }
            ],
            "secondary_private_ips": [],
            "security_groups": [],
            "source_dest_check": true,
            "spot_instance_request_id": "",
            "subnet_id": "subnet-0dfaa7de33c5088f2",
            "tags": {
              "Name": "terraform-instance-Provisioned"
            },
            "tags_all": {
              "Name": "terraform-instance-Provisioned"
            },
            "tenancy": "default",
            "timeouts": null,
            "user_data": null,
            "user_data_base64": null,
            "user_data_replace_on_change": false,
            "volume_tags": null,
            "vpc_security_group_ids": [
              "sg-02cdf70b6f5706e52"
            ]
          },
          "sensitive_attributes": [],
          "private": "eyJlMmJmYjczMC1lY2FhLTExZTYtOGY4OC0zNDM2M2JjN2M0YzAiOnsiY3JlYXRlIjo2MDAwMDAwMDAwMDAsImRlbGV0ZSI6MTIwMDAwMDAwMDAwMCwidXBkYXRlIjo2MDAwMDAwMDAwMDB9LCJzY2hlbWFfdmVyc2lvbiI6IjEifQ==",
          "dependencies": [
            "module.sprints-vpc-1.aws_security_group.terraform-securityG",
            "module.sprints-vpc-1.aws_subnet.subnet-terraform",
            "module.terraform-instance-Provisioned.data.aws_ami.latest_ubuntu"
          ]
        }
      ]
    },
    {
      "module": "module.terraform-instance-Provisioned",
      "mode": "managed",
      "type": "null_resource",
      "name": "Terraform_provisioner",
      "provider": "provider[\"registry.terraform.io/hashicorp/null\"]",
      "instances": [
        {
          "schema_version": 0,
          "attributes": {
            "id": "2153445472814857626",
            "triggers": {
              "instance_id": "i-051667c8811218b27"
            }
          },
          "sensitive_attributes": [],
          "dependencies": [
            "module.sprints-vpc-1.aws_security_group.terraform-securityG",
            "module.sprints-vpc-1.aws_subnet.subnet-terraform",
            "module.sprints-vpc-1.aws_vpc.vpc-terraform",
            "module.terraform-instance-Provisioned.aws_instance.terraform-instance-Provisioned",
            "module.terraform-instance-Provisioned.data.aws_ami.latest_ubuntu"
          ]
        }
      ]
    }
  ],
  "check_results": null
}
