{
  "version": 4,
  "terraform_version": "1.5.7",
  "serial": 294,
  "lineage": "82829c0c-ed9e-1cbf-9ee3-60963bc3eab6",
  "outputs": {},
  "resources": [
    {
      "module": "module.sprints-vpc-1",
      "mode": "managed",
      "type": "aws_internet_gateway",
      "name": "gw-terraform",
      "provider": "provider[\"registry.terraform.io/hashicorp/aws\"]",
      "instances": [
        {
          "schema_version": 0,
          "attributes": {
            "arn": "arn:aws:ec2:us-east-1:244282014725:internet-gateway/igw-074f9b99d159ec0c4",
            "id": "igw-074f9b99d159ec0c4",
            "owner_id": "244282014725",
            "tags": {
              "Name": "gw-terraform"
            },
            "tags_all": {
              "Name": "gw-terraform"
            },
            "timeouts": null,
            "vpc_id": "vpc-07418a80ea4414102"
          },
          "sensitive_attributes": [],
          "private": "eyJlMmJmYjczMC1lY2FhLTExZTYtOGY4OC0zNDM2M2JjN2M0YzAiOnsiY3JlYXRlIjoxMjAwMDAwMDAwMDAwLCJkZWxldGUiOjEyMDAwMDAwMDAwMDAsInVwZGF0ZSI6MTIwMDAwMDAwMDAwMH19",
          "dependencies": [
            "module.sprints-vpc-1.aws_vpc.vpc-terraform"
          ]
        }
      ]
    },
    {
      "module": "module.sprints-vpc-1",
      "mode": "managed",
      "type": "aws_security_group",
      "name": "terraform-securityG",
      "provider": "provider[\"registry.terraform.io/hashicorp/aws\"]",
      "instances": [
        {
          "schema_version": 1,
          "attributes": {
            "arn": "arn:aws:ec2:us-east-1:244282014725:security-group/sg-019971fbf1ba7f490",
            "description": "Managed by Terraform",
            "egress": [
              {
                "cidr_blocks": [
                  "0.0.0.0/0"
                ],
                "description": "",
                "from_port": 0,
                "ipv6_cidr_blocks": [],
                "prefix_list_ids": [],
                "protocol": "-1",
                "security_groups": [],
                "self": false,
                "to_port": 0
              }
            ],
            "id": "sg-019971fbf1ba7f490",
            "ingress": [
              {
                "cidr_blocks": [
                  "0.0.0.0/0"
                ],
                "description": "Flask_app from VPC",
                "from_port": 32000,
                "ipv6_cidr_blocks": [],
                "prefix_list_ids": [],
                "protocol": "tcp",
                "security_groups": [],
                "self": false,
                "to_port": 32700
              },
              {
                "cidr_blocks": [
                  "0.0.0.0/0"
                ],
                "description": "Flask_app from VPC",
                "from_port": 5000,
                "ipv6_cidr_blocks": [],
                "prefix_list_ids": [],
                "protocol": "tcp",
                "security_groups": [],
                "self": false,
                "to_port": 5000
              },
              {
                "cidr_blocks": [
                  "0.0.0.0/0"
                ],
                "description": "Http from VPC",
                "from_port": 80,
                "ipv6_cidr_blocks": [],
                "prefix_list_ids": [],
                "protocol": "tcp",
                "security_groups": [],
                "self": false,
                "to_port": 80
              },
              {
                "cidr_blocks": [
                  "0.0.0.0/0"
                ],
                "description": "Jenkins from VPC",
                "from_port": 8080,
                "ipv6_cidr_blocks": [],
                "prefix_list_ids": [],
                "protocol": "tcp",
                "security_groups": [],
                "self": false,
                "to_port": 8080
              },
              {
                "cidr_blocks": [
                  "0.0.0.0/0"
                ],
                "description": "SSH",
                "from_port": 22,
                "ipv6_cidr_blocks": [],
                "prefix_list_ids": [],
                "protocol": "tcp",
                "security_groups": [],
                "self": false,
                "to_port": 22
              }
            ],
            "name": "terraform-securityG2023092409152194910000000c",
            "name_prefix": "terraform-securityG",
            "owner_id": "244282014725",
            "revoke_rules_on_delete": false,
            "tags": {
              "Name": "terraform-securityG"
            },
            "tags_all": {
              "Name": "terraform-securityG"
            },
            "timeouts": null,
            "vpc_id": "vpc-07418a80ea4414102"
          },
          "sensitive_attributes": [],
          "private": "eyJlMmJmYjczMC1lY2FhLTExZTYtOGY4OC0zNDM2M2JjN2M0YzAiOnsiY3JlYXRlIjo2MDAwMDAwMDAwMDAsImRlbGV0ZSI6OTAwMDAwMDAwMDAwfSwic2NoZW1hX3ZlcnNpb24iOiIxIn0=",
          "dependencies": [
            "module.sprints-vpc-1.aws_vpc.vpc-terraform"
          ]
        }
      ]
    },
    {
      "module": "module.sprints-vpc-1",
      "mode": "managed",
      "type": "aws_subnet",
      "name": "subnet-terraform",
      "provider": "provider[\"registry.terraform.io/hashicorp/aws\"]",
      "instances": [
        {
          "index_key": "private-2-subnet-terraform",
          "schema_version": 1,
          "attributes": {
            "arn": "arn:aws:ec2:us-east-1:244282014725:subnet/subnet-05c60c78187bb6546",
            "assign_ipv6_address_on_creation": false,
            "availability_zone": "us-east-1d",
            "availability_zone_id": "use1-az4",
            "cidr_block": "10.0.3.0/24",
            "customer_owned_ipv4_pool": "",
            "enable_dns64": false,
            "enable_lni_at_device_index": 0,
            "enable_resource_name_dns_a_record_on_launch": false,
            "enable_resource_name_dns_aaaa_record_on_launch": false,
            "id": "subnet-05c60c78187bb6546",
            "ipv6_cidr_block": "",
            "ipv6_cidr_block_association_id": "",
            "ipv6_native": false,
            "map_customer_owned_ip_on_launch": false,
            "map_public_ip_on_launch": true,
            "outpost_arn": "",
            "owner_id": "244282014725",
            "private_dns_hostname_type_on_launch": "ip-name",
            "tags": {
              "Name": "private-2-subnet-terraform"
            },
            "tags_all": {
              "Name": "private-2-subnet-terraform"
            },
            "timeouts": null,
            "vpc_id": "vpc-07418a80ea4414102"
          },
          "sensitive_attributes": [],
          "private": "eyJlMmJmYjczMC1lY2FhLTExZTYtOGY4OC0zNDM2M2JjN2M0YzAiOnsiY3JlYXRlIjo2MDAwMDAwMDAwMDAsImRlbGV0ZSI6MTIwMDAwMDAwMDAwMH0sInNjaGVtYV92ZXJzaW9uIjoiMSJ9",
          "dependencies": [
            "module.sprints-vpc-1.aws_vpc.vpc-terraform"
          ]
        },
        {
          "index_key": "private-subnet-terraform",
          "schema_version": 1,
          "attributes": {
            "arn": "arn:aws:ec2:us-east-1:244282014725:subnet/subnet-0aa33c55bdfe3467b",
            "assign_ipv6_address_on_creation": false,
            "availability_zone": "us-east-1c",
            "availability_zone_id": "use1-az2",
            "cidr_block": "10.0.1.0/24",
            "customer_owned_ipv4_pool": "",
            "enable_dns64": false,
            "enable_lni_at_device_index": 0,
            "enable_resource_name_dns_a_record_on_launch": false,
            "enable_resource_name_dns_aaaa_record_on_launch": false,
            "id": "subnet-0aa33c55bdfe3467b",
            "ipv6_cidr_block": "",
            "ipv6_cidr_block_association_id": "",
            "ipv6_native": false,
            "map_customer_owned_ip_on_launch": false,
            "map_public_ip_on_launch": true,
            "outpost_arn": "",
            "owner_id": "244282014725",
            "private_dns_hostname_type_on_launch": "ip-name",
            "tags": {
              "Name": "private-subnet-terraform"
            },
            "tags_all": {
              "Name": "private-subnet-terraform"
            },
            "timeouts": null,
            "vpc_id": "vpc-07418a80ea4414102"
          },
          "sensitive_attributes": [],
          "private": "eyJlMmJmYjczMC1lY2FhLTExZTYtOGY4OC0zNDM2M2JjN2M0YzAiOnsiY3JlYXRlIjo2MDAwMDAwMDAwMDAsImRlbGV0ZSI6MTIwMDAwMDAwMDAwMH0sInNjaGVtYV92ZXJzaW9uIjoiMSJ9",
          "dependencies": [
            "module.sprints-vpc-1.aws_vpc.vpc-terraform"
          ]
        },
        {
          "index_key": "public-2-subnet-terraform",
          "schema_version": 1,
          "attributes": {
            "arn": "arn:aws:ec2:us-east-1:244282014725:subnet/subnet-01420f9ba9dcf662b",
            "assign_ipv6_address_on_creation": false,
            "availability_zone": "us-east-1b",
            "availability_zone_id": "use1-az1",
            "cidr_block": "10.0.2.0/24",
            "customer_owned_ipv4_pool": "",
            "enable_dns64": false,
            "enable_lni_at_device_index": 0,
            "enable_resource_name_dns_a_record_on_launch": false,
            "enable_resource_name_dns_aaaa_record_on_launch": false,
            "id": "subnet-01420f9ba9dcf662b",
            "ipv6_cidr_block": "",
            "ipv6_cidr_block_association_id": "",
            "ipv6_native": false,
            "map_customer_owned_ip_on_launch": false,
            "map_public_ip_on_launch": true,
            "outpost_arn": "",
            "owner_id": "244282014725",
            "private_dns_hostname_type_on_launch": "ip-name",
            "tags": {
              "Name": "public-2-subnet-terraform"
            },
            "tags_all": {
              "Name": "public-2-subnet-terraform"
            },
            "timeouts": null,
            "vpc_id": "vpc-07418a80ea4414102"
          },
          "sensitive_attributes": [],
          "private": "eyJlMmJmYjczMC1lY2FhLTExZTYtOGY4OC0zNDM2M2JjN2M0YzAiOnsiY3JlYXRlIjo2MDAwMDAwMDAwMDAsImRlbGV0ZSI6MTIwMDAwMDAwMDAwMH0sInNjaGVtYV92ZXJzaW9uIjoiMSJ9",
          "dependencies": [
            "module.sprints-vpc-1.aws_vpc.vpc-terraform"
          ]
        },
        {
          "index_key": "public-subnet-terraform",
          "schema_version": 1,
          "attributes": {
            "arn": "arn:aws:ec2:us-east-1:244282014725:subnet/subnet-020eb3163855e8931",
            "assign_ipv6_address_on_creation": false,
            "availability_zone": "us-east-1a",
            "availability_zone_id": "use1-az6",
            "cidr_block": "10.0.0.0/24",
            "customer_owned_ipv4_pool": "",
            "enable_dns64": false,
            "enable_lni_at_device_index": 0,
            "enable_resource_name_dns_a_record_on_launch": false,
            "enable_resource_name_dns_aaaa_record_on_launch": false,
            "id": "subnet-020eb3163855e8931",
            "ipv6_cidr_block": "",
            "ipv6_cidr_block_association_id": "",
            "ipv6_native": false,
            "map_customer_owned_ip_on_launch": false,
            "map_public_ip_on_launch": true,
            "outpost_arn": "",
            "owner_id": "244282014725",
            "private_dns_hostname_type_on_launch": "ip-name",
            "tags": {
              "Name": "public-subnet-terraform"
            },
            "tags_all": {
              "Name": "public-subnet-terraform"
            },
            "timeouts": null,
            "vpc_id": "vpc-07418a80ea4414102"
          },
          "sensitive_attributes": [],
          "private": "eyJlMmJmYjczMC1lY2FhLTExZTYtOGY4OC0zNDM2M2JjN2M0YzAiOnsiY3JlYXRlIjo2MDAwMDAwMDAwMDAsImRlbGV0ZSI6MTIwMDAwMDAwMDAwMH0sInNjaGVtYV92ZXJzaW9uIjoiMSJ9",
          "dependencies": [
            "module.sprints-vpc-1.aws_vpc.vpc-terraform"
          ]
        }
      ]
    },
    {
      "module": "module.sprints-vpc-1",
      "mode": "managed",
      "type": "aws_vpc",
      "name": "vpc-terraform",
      "provider": "provider[\"registry.terraform.io/hashicorp/aws\"]",
      "instances": [
        {
          "schema_version": 1,
          "attributes": {
            "arn": "arn:aws:ec2:us-east-1:244282014725:vpc/vpc-07418a80ea4414102",
            "assign_generated_ipv6_cidr_block": false,
            "cidr_block": "10.0.0.0/16",
            "default_network_acl_id": "acl-0203de6a464d2a619",
            "default_route_table_id": "rtb-0370759bd0e4a40c1",
            "default_security_group_id": "sg-07789b61afbc54053",
            "dhcp_options_id": "dopt-08a7803967749cf45",
            "enable_dns_hostnames": false,
            "enable_dns_support": true,
            "enable_network_address_usage_metrics": false,
            "id": "vpc-07418a80ea4414102",
            "instance_tenancy": "default",
            "ipv4_ipam_pool_id": null,
            "ipv4_netmask_length": null,
            "ipv6_association_id": "",
            "ipv6_cidr_block": "",
            "ipv6_cidr_block_network_border_group": "",
            "ipv6_ipam_pool_id": "",
            "ipv6_netmask_length": 0,
            "main_route_table_id": "rtb-0370759bd0e4a40c1",
            "owner_id": "244282014725",
            "tags": {
              "Name": "vpc-terraform"
            },
            "tags_all": {
              "Name": "vpc-terraform"
            }
          },
          "sensitive_attributes": [],
          "private": "eyJzY2hlbWFfdmVyc2lvbiI6IjEifQ=="
        }
      ]
    },
    {
      "module": "module.terraform-eks",
      "mode": "managed",
      "type": "aws_eks_cluster",
      "name": "eks",
      "provider": "provider[\"registry.terraform.io/hashicorp/aws\"]",
      "instances": [
        {
          "schema_version": 0,
          "attributes": {
            "arn": "arn:aws:eks:us-east-1:244282014725:cluster/pc-eks",
            "certificate_authority": [
              {
                "data": "LS0tLS1CRUdJTiBDRVJUSUZJQ0FURS0tLS0tCk1JSURCVENDQWUyZ0F3SUJBZ0lJSmxGbTNXTFpZeFl3RFFZSktvWklodmNOQVFFTEJRQXdGVEVUTUJFR0ExVUUKQXhNS2EzVmlaWEp1WlhSbGN6QWVGdzB5TXpBNU1qUXhNekExTXpOYUZ3MHpNekE1TWpFeE16QTFNek5hTUJVeApFekFSQmdOVkJBTVRDbXQxWW1WeWJtVjBaWE13Z2dFaU1BMEdDU3FHU0liM0RRRUJBUVVBQTRJQkR3QXdnZ0VLCkFvSUJBUURMSWJobzFlSzVVMlVKMXJEUkJBN1M4N2lCMGU5anE1eVJUVHptWENZOExudmwrTXlxeEc1K2s5cjcKeDhxc2tKakxGQlUyRXlldTlFeG9LVEQ1TUtZdkl1ZDhwQkZrc1lFSU5QUHBVdnUrallKOXN2T2ZFYU93REdKdgp6NVlNTk5mYW1Ra3VBajdhejJuS3puNzhIS0NQUitkeTZqTXk0UWQ2enlUQ01jcGw1KzVJZnpJSVAxdDJtNWVpClNDN0VnZGM4emZHMCtWSGt6R1dSaUZwSENGVnZhR1dNU0pBb0dncFFYVDY0bzdLbGVRNDhPU1h5SzZIM1pITGUKM0l1KzBzMFplbUc1em9NdGMzaWJjdG9kS3dxZGQ4bnZkMmxBdnJjaDA4aEJrOHNPMEdqVm5xY2hETTVEdG1yRwpoRmlWUjN3S3pYam1EUko4bXk5VStEMnlROG9yQWdNQkFBR2pXVEJYTUE0R0ExVWREd0VCL3dRRUF3SUNwREFQCkJnTlZIUk1CQWY4RUJUQURBUUgvTUIwR0ExVWREZ1FXQkJSekUyMEFXUlc5UW8yTHYzRUpFNXVGZ05uNE56QVYKQmdOVkhSRUVEakFNZ2dwcmRXSmxjbTVsZEdWek1BMEdDU3FHU0liM0RRRUJDd1VBQTRJQkFRQzNnUnZ2S2ZTOApqQzlEOVBGNnlZS3pJT3UxWWhnd2lYZUx0a0hEREJZU2tILzZVRFUrbTJkcUV1Y1drMDltMFZycGhDbmNYUzhaClE3THBpU3BNR2NVclFaVnN0eEJZMUdjL1NXS0VDRmoyUmQ3dE5MUmIvT0pPalJ2NlRCcGZ1TUkwT042c2pKTDcKL0krS3JESURSQjdsa3VUcHdYVE1Ea0k1TUk1ZHEvdS9PNFM1MStTbXZNbmg1ODN0dUY1NllsQ2lEVDRlTmhvMwptV1lHM2hqUW90SGU5bkdLV2VrL1ZwVi9aN0cxYUdlL2NEOXNZNFM1VkVoR1l4QnAxbDBZNENLS3ZubnZHRTB1CjJBSzBOaU9mV1AxWTJqNWkwbnBjVVgvVVJUR0NybzAzMWJOSEhJNmtJeUNuNXkxL1prUUpqWEpJdCtVQXlXZ3AKT2tFU0JURVdBaGVvCi0tLS0tRU5EIENFUlRJRklDQVRFLS0tLS0K"
              }
            ],
            "cluster_id": null,
            "created_at": "2023-09-24 13:00:35.351 +0000 UTC",
            "enabled_cluster_log_types": [],
            "encryption_config": [],
            "endpoint": "https://84F51396AAC543F9DB91B6DDE976E940.gr7.us-east-1.eks.amazonaws.com",
            "id": "pc-eks",
            "identity": [
              {
                "oidc": [
                  {
                    "issuer": "https://oidc.eks.us-east-1.amazonaws.com/id/84F51396AAC543F9DB91B6DDE976E940"
                  }
                ]
              }
            ],
            "kubernetes_network_config": [
              {
                "ip_family": "ipv4",
                "service_ipv4_cidr": "172.20.0.0/16",
                "service_ipv6_cidr": ""
              }
            ],
            "name": "pc-eks",
            "outpost_config": [],
            "platform_version": "eks.5",
            "role_arn": "arn:aws:iam::244282014725:role/ed-eks-master",
            "status": "ACTIVE",
            "tags": {
              "Name": "sprints-eks"
            },
            "tags_all": {
              "Name": "sprints-eks"
            },
            "timeouts": null,
            "version": "1.27",
            "vpc_config": [
              {
                "cluster_security_group_id": "sg-0d9ddbbbf9d1137ba",
                "endpoint_private_access": false,
                "endpoint_public_access": true,
                "public_access_cidrs": [
                  "0.0.0.0/0"
                ],
                "security_group_ids": [],
                "subnet_ids": [
                  "subnet-01420f9ba9dcf662b",
                  "subnet-020eb3163855e8931"
                ],
                "vpc_id": "vpc-07418a80ea4414102"
              }
            ]
          },
          "sensitive_attributes": [],
          "private": "eyJlMmJmYjczMC1lY2FhLTExZTYtOGY4OC0zNDM2M2JjN2M0YzAiOnsiY3JlYXRlIjoxODAwMDAwMDAwMDAwLCJkZWxldGUiOjkwMDAwMDAwMDAwMCwidXBkYXRlIjozNjAwMDAwMDAwMDAwfX0=",
          "dependencies": [
            "module.sprints-vpc-1.aws_subnet.subnet-terraform",
            "module.sprints-vpc-1.aws_vpc.vpc-terraform",
            "module.terraform-eks.aws_iam_role.master",
            "module.terraform-eks.aws_iam_role_policy_attachment.AmazonEKSClusterPolicy",
            "module.terraform-eks.aws_iam_role_policy_attachment.AmazonEKSServicePolicy",
            "module.terraform-eks.aws_iam_role_policy_attachment.AmazonEKSVPCResourceController"
          ]
        }
      ]
    },
    {
      "module": "module.terraform-eks",
      "mode": "managed",
      "type": "aws_eks_node_group",
      "name": "node-grp",
      "provider": "provider[\"registry.terraform.io/hashicorp/aws\"]",
      "instances": [
        {
          "schema_version": 0,
          "attributes": {
            "ami_type": "AL2_x86_64",
            "arn": "arn:aws:eks:us-east-1:244282014725:nodegroup/pc-eks/pc-node-group/54c563a7-63e0-0752-ec46-16d3209331e6",
            "capacity_type": "ON_DEMAND",
            "cluster_name": "pc-eks",
            "disk_size": 20,
            "force_update_version": null,
            "id": "pc-eks:pc-node-group",
            "instance_types": [
              "t2.small"
            ],
            "labels": {
              "env": "dev"
            },
            "launch_template": [],
            "node_group_name": "pc-node-group",
            "node_group_name_prefix": "",
            "node_role_arn": "arn:aws:iam::244282014725:role/ed-eks-worker",
            "release_version": "1.27.5-20230919",
            "remote_access": [
              {
                "ec2_ssh_key": "Sprints-Key-pair",
                "source_security_group_ids": [
                  "sg-019971fbf1ba7f490"
                ]
              }
            ],
            "resources": [
              {
                "autoscaling_groups": [
                  {
                    "name": "eks-pc-node-group-54c563a7-63e0-0752-ec46-16d3209331e6"
                  }
                ],
                "remote_access_security_group_id": "sg-09f25fd5b9fcf86de"
              }
            ],
            "scaling_config": [
              {
                "desired_size": 2,
                "max_size": 3,
                "min_size": 1
              }
            ],
            "status": "ACTIVE",
            "subnet_ids": [
              "subnet-01420f9ba9dcf662b",
              "subnet-020eb3163855e8931"
            ],
            "tags": {},
            "tags_all": {},
            "taint": [],
            "timeouts": null,
            "update_config": [
              {
                "max_unavailable": 1,
                "max_unavailable_percentage": 0
              }
            ],
            "version": "1.27"
          },
          "sensitive_attributes": [],
          "private": "eyJlMmJmYjczMC1lY2FhLTExZTYtOGY4OC0zNDM2M2JjN2M0YzAiOnsiY3JlYXRlIjozNjAwMDAwMDAwMDAwLCJkZWxldGUiOjM2MDAwMDAwMDAwMDAsInVwZGF0ZSI6MzYwMDAwMDAwMDAwMH19",
          "dependencies": [
            "module.sprints-vpc-1.aws_security_group.terraform-securityG",
            "module.sprints-vpc-1.aws_subnet.subnet-terraform",
            "module.sprints-vpc-1.aws_vpc.vpc-terraform",
            "module.terraform-eks.aws_eks_cluster.eks",
            "module.terraform-eks.aws_iam_role.master",
            "module.terraform-eks.aws_iam_role.worker",
            "module.terraform-eks.aws_iam_role_policy_attachment.AmazonEC2ContainerRegistryReadOnly",
            "module.terraform-eks.aws_iam_role_policy_attachment.AmazonEKSClusterPolicy",
            "module.terraform-eks.aws_iam_role_policy_attachment.AmazonEKSServicePolicy",
            "module.terraform-eks.aws_iam_role_policy_attachment.AmazonEKSVPCResourceController",
            "module.terraform-eks.aws_iam_role_policy_attachment.AmazonEKSWorkerNodePolicy",
            "module.terraform-eks.aws_iam_role_policy_attachment.AmazonEKS_CNI_Policy"
          ]
        }
      ]
    },
    {
      "module": "module.terraform-eks",
      "mode": "managed",
      "type": "aws_iam_role",
      "name": "master",
      "provider": "provider[\"registry.terraform.io/hashicorp/aws\"]",
      "instances": [
        {
          "schema_version": 0,
          "attributes": {
            "arn": "arn:aws:iam::244282014725:role/ed-eks-master",
            "assume_role_policy": "{\"Statement\":[{\"Action\":\"sts:AssumeRole\",\"Effect\":\"Allow\",\"Principal\":{\"Service\":\"eks.amazonaws.com\"}}],\"Version\":\"2012-10-17\"}",
            "create_date": "2023-09-24T13:00:31Z",
            "description": "",
            "force_detach_policies": false,
            "id": "ed-eks-master",
            "inline_policy": [],
            "managed_policy_arns": [
              "arn:aws:iam::aws:policy/AmazonEKSClusterPolicy",
              "arn:aws:iam::aws:policy/AmazonEKSServicePolicy",
              "arn:aws:iam::aws:policy/AmazonEKSVPCResourceController"
            ],
            "max_session_duration": 3600,
            "name": "ed-eks-master",
            "name_prefix": "",
            "path": "/",
            "permissions_boundary": null,
            "tags": {},
            "tags_all": {},
            "unique_id": "AROATRYCXXQC7XU7ZGY2J"
          },
          "sensitive_attributes": [],
          "private": "bnVsbA=="
        }
      ]
    },
    {
      "module": "module.terraform-eks",
      "mode": "managed",
      "type": "aws_iam_role",
      "name": "worker",
      "provider": "provider[\"registry.terraform.io/hashicorp/aws\"]",
      "instances": [
        {
          "schema_version": 0,
          "attributes": {
            "arn": "arn:aws:iam::244282014725:role/ed-eks-worker",
            "assume_role_policy": "{\"Statement\":[{\"Action\":\"sts:AssumeRole\",\"Effect\":\"Allow\",\"Principal\":{\"Service\":\"ec2.amazonaws.com\"}}],\"Version\":\"2012-10-17\"}",
            "create_date": "2023-09-24T13:00:31Z",
            "description": "",
            "force_detach_policies": false,
            "id": "ed-eks-worker",
            "inline_policy": [],
            "managed_policy_arns": [
              "arn:aws:iam::244282014725:policy/ed-eks-autoscaler-policy",
              "arn:aws:iam::aws:policy/AWSXRayDaemonWriteAccess",
              "arn:aws:iam::aws:policy/AmazonEC2ContainerRegistryReadOnly",
              "arn:aws:iam::aws:policy/AmazonEKSWorkerNodePolicy",
              "arn:aws:iam::aws:policy/AmazonEKS_CNI_Policy",
              "arn:aws:iam::aws:policy/AmazonS3ReadOnlyAccess",
              "arn:aws:iam::aws:policy/AmazonSSMManagedInstanceCore"
            ],
            "max_session_duration": 3600,
            "name": "ed-eks-worker",
            "name_prefix": "",
            "path": "/",
            "permissions_boundary": null,
            "tags": {},
            "tags_all": {},
            "unique_id": "AROATRYCXXQCXBIUVPJYS"
          },
          "sensitive_attributes": [],
          "private": "bnVsbA=="
        }
      ]
    },
    {
      "module": "module.terraform-eks",
      "mode": "managed",
      "type": "aws_iam_role_policy_attachment",
      "name": "AmazonEC2ContainerRegistryReadOnly",
      "provider": "provider[\"registry.terraform.io/hashicorp/aws\"]",
      "instances": [
        {
          "schema_version": 0,
          "attributes": {
            "id": "ed-eks-worker-20230924130032817000000007",
            "policy_arn": "arn:aws:iam::aws:policy/AmazonEC2ContainerRegistryReadOnly",
            "role": "ed-eks-worker"
          },
          "sensitive_attributes": [],
          "private": "bnVsbA==",
          "dependencies": [
            "module.terraform-eks.aws_iam_role.worker"
          ]
        }
      ]
    },
    {
      "module": "module.terraform-eks",
      "mode": "managed",
      "type": "aws_iam_role_policy_attachment",
      "name": "AmazonEKSClusterPolicy",
      "provider": "provider[\"registry.terraform.io/hashicorp/aws\"]",
      "instances": [
        {
          "schema_version": 0,
          "attributes": {
            "id": "ed-eks-master-20230924130032495600000003",
            "policy_arn": "arn:aws:iam::aws:policy/AmazonEKSClusterPolicy",
            "role": "ed-eks-master"
          },
          "sensitive_attributes": [],
          "private": "bnVsbA==",
          "dependencies": [
            "module.terraform-eks.aws_iam_role.master"
          ]
        }
      ]
    },
    {
      "module": "module.terraform-eks",
      "mode": "managed",
      "type": "aws_iam_role_policy_attachment",
      "name": "AmazonEKSServicePolicy",
      "provider": "provider[\"registry.terraform.io/hashicorp/aws\"]",
      "instances": [
        {
          "schema_version": 0,
          "attributes": {
            "id": "ed-eks-master-20230924130032989000000009",
            "policy_arn": "arn:aws:iam::aws:policy/AmazonEKSServicePolicy",
            "role": "ed-eks-master"
          },
          "sensitive_attributes": [],
          "private": "bnVsbA==",
          "dependencies": [
            "module.terraform-eks.aws_iam_role.master"
          ]
        }
      ]
    },
    {
      "module": "module.terraform-eks",
      "mode": "managed",
      "type": "aws_iam_role_policy_attachment",
      "name": "AmazonEKSVPCResourceController",
      "provider": "provider[\"registry.terraform.io/hashicorp/aws\"]",
      "instances": [
        {
          "schema_version": 0,
          "attributes": {
            "id": "ed-eks-master-20230924130032477000000001",
            "policy_arn": "arn:aws:iam::aws:policy/AmazonEKSVPCResourceController",
            "role": "ed-eks-master"
          },
          "sensitive_attributes": [],
          "private": "bnVsbA==",
          "dependencies": [
            "module.terraform-eks.aws_iam_role.master"
          ]
        }
      ]
    },
    {
      "module": "module.terraform-eks",
      "mode": "managed",
      "type": "aws_iam_role_policy_attachment",
      "name": "AmazonEKSWorkerNodePolicy",
      "provider": "provider[\"registry.terraform.io/hashicorp/aws\"]",
      "instances": [
        {
          "schema_version": 0,
          "attributes": {
            "id": "ed-eks-worker-20230924130032746200000006",
            "policy_arn": "arn:aws:iam::aws:policy/AmazonEKSWorkerNodePolicy",
            "role": "ed-eks-worker"
          },
          "sensitive_attributes": [],
          "private": "bnVsbA==",
          "dependencies": [
            "module.terraform-eks.aws_iam_role.worker"
          ]
        }
      ]
    },
    {
      "module": "module.terraform-eks",
      "mode": "managed",
      "type": "aws_iam_role_policy_attachment",
      "name": "AmazonEKS_CNI_Policy",
      "provider": "provider[\"registry.terraform.io/hashicorp/aws\"]",
      "instances": [
        {
          "schema_version": 0,
          "attributes": {
            "id": "ed-eks-worker-20230924130032590600000004",
            "policy_arn": "arn:aws:iam::aws:policy/AmazonEKS_CNI_Policy",
            "role": "ed-eks-worker"
          },
          "sensitive_attributes": [],
          "private": "bnVsbA==",
          "dependencies": [
            "module.terraform-eks.aws_iam_role.worker"
          ]
        }
      ]
    }
  ],
  "check_results": null
}
